// !$*UTF8*$!
{
	archiveVersion = 1;
	classes = {
	};
	objectVersion = 50;
	objects = {

/* Begin PBXBuildFile section */
		3C97C976555CCF21B23EC084 /* libPods-ARKitInteraction.a in Frameworks */ = {isa = PBXBuildFile; fileRef = C92F81556EF3892EDF0D0D7D /* libPods-ARKitInteraction.a */; };
		6E748227214A04C700E66D1F /* MainViewController.m in Sources */ = {isa = PBXBuildFile; fileRef = 6E748226214A04C700E66D1F /* MainViewController.m */; };
		6E748229214A05F200E66D1F /* Media.xcassets in Resources */ = {isa = PBXBuildFile; fileRef = 6E748228214A05F200E66D1F /* Media.xcassets */; };
		6E74822C214A098600E66D1F /* LoginViewController.m in Sources */ = {isa = PBXBuildFile; fileRef = 6E74822B214A098600E66D1F /* LoginViewController.m */; };
		B30C392E214BE9BB00F444B4 /* MyViewController.m in Sources */ = {isa = PBXBuildFile; fileRef = B30C392D214BE9BB00F444B4 /* MyViewController.m */; };
		B30C3931214BE9CB00F444B4 /* MyView.m in Sources */ = {isa = PBXBuildFile; fileRef = B30C3930214BE9CB00F444B4 /* MyView.m */; };
		B30C3934214BE9D600F444B4 /* MyModel.m in Sources */ = {isa = PBXBuildFile; fileRef = B30C3933214BE9D600F444B4 /* MyModel.m */; };
		B30C3937214BE9E500F444B4 /* MyViewModel.m in Sources */ = {isa = PBXBuildFile; fileRef = B30C3936214BE9E500F444B4 /* MyViewModel.m */; };
		B30C393A214BEA8300F444B4 /* VirtualObjectARView.m in Sources */ = {isa = PBXBuildFile; fileRef = B30C3939214BEA8300F444B4 /* VirtualObjectARView.m */; };
		B30C393D214C040400F444B4 /* ThresholdPanGesture.m in Sources */ = {isa = PBXBuildFile; fileRef = B30C393C214C040300F444B4 /* ThresholdPanGesture.m */; };
		B3318C502149F90000BA9F1F /* VirtualObjectLoader.m in Sources */ = {isa = PBXBuildFile; fileRef = B3318C4F2149F90000BA9F1F /* VirtualObjectLoader.m */; };
		B3318C532149F96400BA9F1F /* VirtualObject.m in Sources */ = {isa = PBXBuildFile; fileRef = B3318C522149F96400BA9F1F /* VirtualObject.m */; };
		B3E4C89E214408ED008E87CF /* AppDelegate.m in Sources */ = {isa = PBXBuildFile; fileRef = B3E4C89D214408ED008E87CF /* AppDelegate.m */; };
		B3E4C8A0214408ED008E87CF /* art.scnassets in Resources */ = {isa = PBXBuildFile; fileRef = B3E4C89F214408ED008E87CF /* art.scnassets */; };
		B3E4C8A3214408ED008E87CF /* ViewController.m in Sources */ = {isa = PBXBuildFile; fileRef = B3E4C8A2214408ED008E87CF /* ViewController.m */; };
		B3E4C8A6214408ED008E87CF /* Main.storyboard in Resources */ = {isa = PBXBuildFile; fileRef = B3E4C8A4214408ED008E87CF /* Main.storyboard */; };
		B3E4C8A8214408EE008E87CF /* Assets.xcassets in Resources */ = {isa = PBXBuildFile; fileRef = B3E4C8A7214408EE008E87CF /* Assets.xcassets */; };
		B3E4C8AB214408EE008E87CF /* LaunchScreen.storyboard in Resources */ = {isa = PBXBuildFile; fileRef = B3E4C8A9214408EE008E87CF /* LaunchScreen.storyboard */; };
		B3E4C8AE214408EE008E87CF /* main.m in Sources */ = {isa = PBXBuildFile; fileRef = B3E4C8AD214408EE008E87CF /* main.m */; };
		B3F11F602144D65C008CADFC /* PositionTranslation.m in Sources */ = {isa = PBXBuildFile; fileRef = B3F11F5F2144D65C008CADFC /* PositionTranslation.m */; };
		B3F11F632144DF03008CADFC /* FocusSquare.m in Sources */ = {isa = PBXBuildFile; fileRef = B3F11F622144DF03008CADFC /* FocusSquare.m */; };
		B3F11F662144FE4A008CADFC /* Segment.m in Sources */ = {isa = PBXBuildFile; fileRef = B3F11F652144FE4A008CADFC /* Segment.m */; };
/* End PBXBuildFile section */

/* Begin PBXFileReference section */
		1B4158F8CF176958642A6AD7 /* Pods-ARKitInteraction.release.xcconfig */ = {isa = PBXFileReference; includeInIndex = 1; lastKnownFileType = text.xcconfig; name = "Pods-ARKitInteraction.release.xcconfig"; path = "Pods/Target Support Files/Pods-ARKitInteraction/Pods-ARKitInteraction.release.xcconfig"; sourceTree = "<group>"; };
		6E748225214A04C700E66D1F /* MainViewController.h */ = {isa = PBXFileReference; lastKnownFileType = sourcecode.c.h; path = MainViewController.h; sourceTree = "<group>"; };
		6E748226214A04C700E66D1F /* MainViewController.m */ = {isa = PBXFileReference; lastKnownFileType = sourcecode.c.objc; path = MainViewController.m; sourceTree = "<group>"; };
		6E748228214A05F200E66D1F /* Media.xcassets */ = {isa = PBXFileReference; lastKnownFileType = folder.assetcatalog; path = Media.xcassets; sourceTree = "<group>"; };
		6E74822A214A098600E66D1F /* LoginViewController.h */ = {isa = PBXFileReference; lastKnownFileType = sourcecode.c.h; path = LoginViewController.h; sourceTree = "<group>"; };
		6E74822B214A098600E66D1F /* LoginViewController.m */ = {isa = PBXFileReference; lastKnownFileType = sourcecode.c.objc; path = LoginViewController.m; sourceTree = "<group>"; };
		B30C392C214BE9BB00F444B4 /* MyViewController.h */ = {isa = PBXFileReference; lastKnownFileType = sourcecode.c.h; path = MyViewController.h; sourceTree = "<group>"; };
		B30C392D214BE9BB00F444B4 /* MyViewController.m */ = {isa = PBXFileReference; lastKnownFileType = sourcecode.c.objc; path = MyViewController.m; sourceTree = "<group>"; };
		B30C392F214BE9CB00F444B4 /* MyView.h */ = {isa = PBXFileReference; lastKnownFileType = sourcecode.c.h; path = MyView.h; sourceTree = "<group>"; };
		B30C3930214BE9CB00F444B4 /* MyView.m */ = {isa = PBXFileReference; lastKnownFileType = sourcecode.c.objc; path = MyView.m; sourceTree = "<group>"; };
		B30C3932214BE9D600F444B4 /* MyModel.h */ = {isa = PBXFileReference; lastKnownFileType = sourcecode.c.h; path = MyModel.h; sourceTree = "<group>"; };
		B30C3933214BE9D600F444B4 /* MyModel.m */ = {isa = PBXFileReference; lastKnownFileType = sourcecode.c.objc; path = MyModel.m; sourceTree = "<group>"; };
		B30C3935214BE9E500F444B4 /* MyViewModel.h */ = {isa = PBXFileReference; lastKnownFileType = sourcecode.c.h; path = MyViewModel.h; sourceTree = "<group>"; };
		B30C3936214BE9E500F444B4 /* MyViewModel.m */ = {isa = PBXFileReference; lastKnownFileType = sourcecode.c.objc; path = MyViewModel.m; sourceTree = "<group>"; };
		B30C3938214BEA8300F444B4 /* VirtualObjectARView.h */ = {isa = PBXFileReference; lastKnownFileType = sourcecode.c.h; path = VirtualObjectARView.h; sourceTree = "<group>"; };
		B30C3939214BEA8300F444B4 /* VirtualObjectARView.m */ = {isa = PBXFileReference; lastKnownFileType = sourcecode.c.objc; path = VirtualObjectARView.m; sourceTree = "<group>"; };
		B30C393B214C040300F444B4 /* ThresholdPanGesture.h */ = {isa = PBXFileReference; lastKnownFileType = sourcecode.c.h; path = ThresholdPanGesture.h; sourceTree = "<group>"; };
		B30C393C214C040300F444B4 /* ThresholdPanGesture.m */ = {isa = PBXFileReference; lastKnownFileType = sourcecode.c.objc; path = ThresholdPanGesture.m; sourceTree = "<group>"; };
		B3158C12F4F03CCED00FD32A /* Pods-ARKitInteraction.debug.xcconfig */ = {isa = PBXFileReference; includeInIndex = 1; lastKnownFileType = text.xcconfig; name = "Pods-ARKitInteraction.debug.xcconfig"; path = "Pods/Target Support Files/Pods-ARKitInteraction/Pods-ARKitInteraction.debug.xcconfig"; sourceTree = "<group>"; };
		B3318C4E2149F90000BA9F1F /* VirtualObjectLoader.h */ = {isa = PBXFileReference; lastKnownFileType = sourcecode.c.h; path = VirtualObjectLoader.h; sourceTree = "<group>"; };
		B3318C4F2149F90000BA9F1F /* VirtualObjectLoader.m */ = {isa = PBXFileReference; lastKnownFileType = sourcecode.c.objc; path = VirtualObjectLoader.m; sourceTree = "<group>"; };
		B3318C512149F96400BA9F1F /* VirtualObject.h */ = {isa = PBXFileReference; lastKnownFileType = sourcecode.c.h; path = VirtualObject.h; sourceTree = "<group>"; };
		B3318C522149F96400BA9F1F /* VirtualObject.m */ = {isa = PBXFileReference; lastKnownFileType = sourcecode.c.objc; path = VirtualObject.m; sourceTree = "<group>"; };
		B3E4C899214408ED008E87CF /* ARKitInteraction.app */ = {isa = PBXFileReference; explicitFileType = wrapper.application; includeInIndex = 0; path = ARKitInteraction.app; sourceTree = BUILT_PRODUCTS_DIR; };
		B3E4C89C214408ED008E87CF /* AppDelegate.h */ = {isa = PBXFileReference; lastKnownFileType = sourcecode.c.h; path = AppDelegate.h; sourceTree = "<group>"; };
		B3E4C89D214408ED008E87CF /* AppDelegate.m */ = {isa = PBXFileReference; lastKnownFileType = sourcecode.c.objc; path = AppDelegate.m; sourceTree = "<group>"; };
		B3E4C89F214408ED008E87CF /* art.scnassets */ = {isa = PBXFileReference; lastKnownFileType = wrapper.scnassets; path = art.scnassets; sourceTree = "<group>"; };
		B3E4C8A1214408ED008E87CF /* ViewController.h */ = {isa = PBXFileReference; lastKnownFileType = sourcecode.c.h; path = ViewController.h; sourceTree = "<group>"; };
		B3E4C8A2214408ED008E87CF /* ViewController.m */ = {isa = PBXFileReference; lastKnownFileType = sourcecode.c.objc; path = ViewController.m; sourceTree = "<group>"; };
		B3E4C8A5214408ED008E87CF /* Base */ = {isa = PBXFileReference; lastKnownFileType = file.storyboard; name = Base; path = Base.lproj/Main.storyboard; sourceTree = "<group>"; };
		B3E4C8A7214408EE008E87CF /* Assets.xcassets */ = {isa = PBXFileReference; lastKnownFileType = folder.assetcatalog; path = Assets.xcassets; sourceTree = "<group>"; };
		B3E4C8AA214408EE008E87CF /* Base */ = {isa = PBXFileReference; lastKnownFileType = file.storyboard; name = Base; path = Base.lproj/LaunchScreen.storyboard; sourceTree = "<group>"; };
		B3E4C8AC214408EE008E87CF /* Info.plist */ = {isa = PBXFileReference; lastKnownFileType = text.plist.xml; path = Info.plist; sourceTree = "<group>"; };
		B3E4C8AD214408EE008E87CF /* main.m */ = {isa = PBXFileReference; lastKnownFileType = sourcecode.c.objc; path = main.m; sourceTree = "<group>"; };
		B3F11F5E2144D65C008CADFC /* PositionTranslation.h */ = {isa = PBXFileReference; lastKnownFileType = sourcecode.c.h; path = PositionTranslation.h; sourceTree = "<group>"; };
		B3F11F5F2144D65C008CADFC /* PositionTranslation.m */ = {isa = PBXFileReference; lastKnownFileType = sourcecode.c.objc; path = PositionTranslation.m; sourceTree = "<group>"; };
		B3F11F612144DF03008CADFC /* FocusSquare.h */ = {isa = PBXFileReference; lastKnownFileType = sourcecode.c.h; path = FocusSquare.h; sourceTree = "<group>"; };
		B3F11F622144DF03008CADFC /* FocusSquare.m */ = {isa = PBXFileReference; lastKnownFileType = sourcecode.c.objc; path = FocusSquare.m; sourceTree = "<group>"; };
		B3F11F642144FE4A008CADFC /* Segment.h */ = {isa = PBXFileReference; lastKnownFileType = sourcecode.c.h; path = Segment.h; sourceTree = "<group>"; };
		B3F11F652144FE4A008CADFC /* Segment.m */ = {isa = PBXFileReference; lastKnownFileType = sourcecode.c.objc; path = Segment.m; sourceTree = "<group>"; };
		C92F81556EF3892EDF0D0D7D /* libPods-ARKitInteraction.a */ = {isa = PBXFileReference; explicitFileType = archive.ar; includeInIndex = 0; path = "libPods-ARKitInteraction.a"; sourceTree = BUILT_PRODUCTS_DIR; };
/* End PBXFileReference section */

/* Begin PBXFrameworksBuildPhase section */
		B3E4C896214408ED008E87CF /* Frameworks */ = {
			isa = PBXFrameworksBuildPhase;
			buildActionMask = 2147483647;
			files = (
				3C97C976555CCF21B23EC084 /* libPods-ARKitInteraction.a in Frameworks */,
			);
			runOnlyForDeploymentPostprocessing = 0;
		};
/* End PBXFrameworksBuildPhase section */

/* Begin PBXGroup section */
		284349973684FED205025FA6 /* Pods */ = {
			isa = PBXGroup;
			children = (
				B3158C12F4F03CCED00FD32A /* Pods-ARKitInteraction.debug.xcconfig */,
				1B4158F8CF176958642A6AD7 /* Pods-ARKitInteraction.release.xcconfig */,
			);
			name = Pods;
			sourceTree = "<group>";
		};
		6E748224214A049A00E66D1F /* MainVC */ = {
			isa = PBXGroup;
			children = (
				6E748225214A04C700E66D1F /* MainViewController.h */,
				6E748226214A04C700E66D1F /* MainViewController.m */,
				6E748228214A05F200E66D1F /* Media.xcassets */,
				6E74822A214A098600E66D1F /* LoginViewController.h */,
				6E74822B214A098600E66D1F /* LoginViewController.m */,
			);
			path = MainVC;
			sourceTree = "<group>";
		};
		ABC0F5949FD2EA3C52146685 /* Frameworks */ = {
			isa = PBXGroup;
			children = (
				C92F81556EF3892EDF0D0D7D /* libPods-ARKitInteraction.a */,
			);
			name = Frameworks;
			sourceTree = "<group>";
		};
		B30C3928214BE9A400F444B4 /* ViewController */ = {
			isa = PBXGroup;
			children = (
				B30C392C214BE9BB00F444B4 /* MyViewController.h */,
				B30C392D214BE9BB00F444B4 /* MyViewController.m */,
			);
			path = ViewController;
			sourceTree = "<group>";
		};
		B30C3929214BE9A400F444B4 /* Model */ = {
			isa = PBXGroup;
			children = (
				B30C3932214BE9D600F444B4 /* MyModel.h */,
				B30C3933214BE9D600F444B4 /* MyModel.m */,
			);
			path = Model;
			sourceTree = "<group>";
		};
		B30C392A214BE9A400F444B4 /* View */ = {
			isa = PBXGroup;
			children = (
				B30C392F214BE9CB00F444B4 /* MyView.h */,
				B30C3930214BE9CB00F444B4 /* MyView.m */,
				B30C3938214BEA8300F444B4 /* VirtualObjectARView.h */,
				B30C3939214BEA8300F444B4 /* VirtualObjectARView.m */,
				B30C393B214C040300F444B4 /* ThresholdPanGesture.h */,
				B30C393C214C040300F444B4 /* ThresholdPanGesture.m */,
			);
			path = View;
			sourceTree = "<group>";
		};
		B30C392B214BE9A400F444B4 /* ViewModel */ = {
			isa = PBXGroup;
			children = (
				B30C3935214BE9E500F444B4 /* MyViewModel.h */,
				B30C3936214BE9E500F444B4 /* MyViewModel.m */,
			);
			path = ViewModel;
			sourceTree = "<group>";
		};
		B3E4C890214408ED008E87CF = {
			isa = PBXGroup;
			children = (
				B3E4C89B214408ED008E87CF /* ARKitInteraction */,
				B3E4C89A214408ED008E87CF /* Products */,
				284349973684FED205025FA6 /* Pods */,
				ABC0F5949FD2EA3C52146685 /* Frameworks */,
			);
			sourceTree = "<group>";
		};
		B3E4C89A214408ED008E87CF /* Products */ = {
			isa = PBXGroup;
			children = (
				B3E4C899214408ED008E87CF /* ARKitInteraction.app */,
			);
			name = Products;
			sourceTree = "<group>";
		};
		B3E4C89B214408ED008E87CF /* ARKitInteraction */ = {
			isa = PBXGroup;
			children = (
				B30C3929214BE9A400F444B4 /* Model */,
				B30C392A214BE9A400F444B4 /* View */,
				B30C3928214BE9A400F444B4 /* ViewController */,
				B30C392B214BE9A400F444B4 /* ViewModel */,
				6E748224214A049A00E66D1F /* MainVC */,
				B3E4C89C214408ED008E87CF /* AppDelegate.h */,
				B3E4C89D214408ED008E87CF /* AppDelegate.m */,
				B3F11F5B2144D4E9008CADFC /* AdditionalViewControllers */,
				B3F11F5D2144D4EA008CADFC /* FocusSquare */,
				B3F11F5A2144D4E9008CADFC /* Utilities */,
				B3F11F5C2144D4EA008CADFC /* VirtualObjects */,
				B3E4C89F214408ED008E87CF /* art.scnassets */,
				B3E4C8A1214408ED008E87CF /* ViewController.h */,
				B3E4C8A2214408ED008E87CF /* ViewController.m */,
				B3E4C8A4214408ED008E87CF /* Main.storyboard */,
				B3E4C8A7214408EE008E87CF /* Assets.xcassets */,
				B3E4C8A9214408EE008E87CF /* LaunchScreen.storyboard */,
				B3E4C8AC214408EE008E87CF /* Info.plist */,
				B3E4C8AD214408EE008E87CF /* main.m */,
			);
			path = ARKitInteraction;
			sourceTree = "<group>";
		};
		B3F11F5A2144D4E9008CADFC /* Utilities */ = {
			isa = PBXGroup;
			children = (
				B3F11F5E2144D65C008CADFC /* PositionTranslation.h */,
				B3F11F5F2144D65C008CADFC /* PositionTranslation.m */,
			);
			path = Utilities;
			sourceTree = "<group>";
		};
		B3F11F5B2144D4E9008CADFC /* AdditionalViewControllers */ = {
			isa = PBXGroup;
			children = (
			);
			path = AdditionalViewControllers;
			sourceTree = "<group>";
		};
		B3F11F5C2144D4EA008CADFC /* VirtualObjects */ = {
			isa = PBXGroup;
			children = (
				B3318C4E2149F90000BA9F1F /* VirtualObjectLoader.h */,
				B3318C4F2149F90000BA9F1F /* VirtualObjectLoader.m */,
				B3318C512149F96400BA9F1F /* VirtualObject.h */,
				B3318C522149F96400BA9F1F /* VirtualObject.m */,
			);
			path = VirtualObjects;
			sourceTree = "<group>";
		};
		B3F11F5D2144D4EA008CADFC /* FocusSquare */ = {
			isa = PBXGroup;
			children = (
				B3F11F612144DF03008CADFC /* FocusSquare.h */,
				B3F11F622144DF03008CADFC /* FocusSquare.m */,
				B3F11F642144FE4A008CADFC /* Segment.h */,
				B3F11F652144FE4A008CADFC /* Segment.m */,
			);
			path = FocusSquare;
			sourceTree = "<group>";
		};
/* End PBXGroup section */

/* Begin PBXNativeTarget section */
		B3E4C898214408ED008E87CF /* ARKitInteraction */ = {
			isa = PBXNativeTarget;
			buildConfigurationList = B3E4C8B1214408EE008E87CF /* Build configuration list for PBXNativeTarget "ARKitInteraction" */;
			buildPhases = (
				A0F4A5DB47E86C91E1D231BD /* [CP] Check Pods Manifest.lock */,
				B3E4C895214408ED008E87CF /* Sources */,
				B3E4C896214408ED008E87CF /* Frameworks */,
				B3E4C897214408ED008E87CF /* Resources */,
				735B2237149315980BCD0905 /* [CP] Embed Pods Frameworks */,
				AAA15C467A99443670D0DD93 /* [CP] Copy Pods Resources */,
			);
			buildRules = (
			);
			dependencies = (
			);
			name = ARKitInteraction;
			productName = ARKitInteraction;
			productReference = B3E4C899214408ED008E87CF /* ARKitInteraction.app */;
			productType = "com.apple.product-type.application";
		};
/* End PBXNativeTarget section */

/* Begin PBXProject section */
		B3E4C891214408ED008E87CF /* Project object */ = {
			isa = PBXProject;
			attributes = {
				LastUpgradeCheck = 1000;
				ORGANIZATIONNAME = "张晓珊";
				TargetAttributes = {
					B3E4C898214408ED008E87CF = {
						CreatedOnToolsVersion = 10.0;
					};
				};
			};
			buildConfigurationList = B3E4C894214408ED008E87CF /* Build configuration list for PBXProject "ARKitInteraction" */;
			compatibilityVersion = "Xcode 9.3";
			developmentRegion = en;
			hasScannedForEncodings = 0;
			knownRegions = (
				en,
				Base,
			);
			mainGroup = B3E4C890214408ED008E87CF;
			productRefGroup = B3E4C89A214408ED008E87CF /* Products */;
			projectDirPath = "";
			projectRoot = "";
			targets = (
				B3E4C898214408ED008E87CF /* ARKitInteraction */,
			);
		};
/* End PBXProject section */

/* Begin PBXResourcesBuildPhase section */
		B3E4C897214408ED008E87CF /* Resources */ = {
			isa = PBXResourcesBuildPhase;
			buildActionMask = 2147483647;
			files = (
				6E748229214A05F200E66D1F /* Media.xcassets in Resources */,
				B3E4C8A0214408ED008E87CF /* art.scnassets in Resources */,
				B3E4C8AB214408EE008E87CF /* LaunchScreen.storyboard in Resources */,
				B3E4C8A8214408EE008E87CF /* Assets.xcassets in Resources */,
				B3E4C8A6214408ED008E87CF /* Main.storyboard in Resources */,
			);
			runOnlyForDeploymentPostprocessing = 0;
		};
/* End PBXResourcesBuildPhase section */

/* Begin PBXShellScriptBuildPhase section */
		735B2237149315980BCD0905 /* [CP] Embed Pods Frameworks */ = {
			isa = PBXShellScriptBuildPhase;
			buildActionMask = 2147483647;
			files = (
			);
			inputPaths = (
			);
			name = "[CP] Embed Pods Frameworks";
			outputPaths = (
			);
			runOnlyForDeploymentPostprocessing = 0;
			shellPath = /bin/sh;
			shellScript = "\"${SRCROOT}/Pods/Target Support Files/Pods-ARKitInteraction/Pods-ARKitInteraction-frameworks.sh\"\n";
			showEnvVarsInLog = 0;
		};
		A0F4A5DB47E86C91E1D231BD /* [CP] Check Pods Manifest.lock */ = {
			isa = PBXShellScriptBuildPhase;
			buildActionMask = 2147483647;
			files = (
			);
			inputPaths = (
				"${PODS_PODFILE_DIR_PATH}/Podfile.lock",
				"${PODS_ROOT}/Manifest.lock",
			);
			name = "[CP] Check Pods Manifest.lock";
			outputPaths = (
				"$(DERIVED_FILE_DIR)/Pods-ARKitInteraction-checkManifestLockResult.txt",
			);
			runOnlyForDeploymentPostprocessing = 0;
			shellPath = /bin/sh;
			shellScript = "diff \"${PODS_PODFILE_DIR_PATH}/Podfile.lock\" \"${PODS_ROOT}/Manifest.lock\" > /dev/null\nif [ $? != 0 ] ; then\n    # print error to STDERR\n    echo \"error: The sandbox is not in sync with the Podfile.lock. Run 'pod install' or update your CocoaPods installation.\" >&2\n    exit 1\nfi\n# This output is used by Xcode 'outputs' to avoid re-running this script phase.\necho \"SUCCESS\" > \"${SCRIPT_OUTPUT_FILE_0}\"\n";
			showEnvVarsInLog = 0;
		};
		AAA15C467A99443670D0DD93 /* [CP] Copy Pods Resources */ = {
			isa = PBXShellScriptBuildPhase;
			buildActionMask = 2147483647;
			files = (
			);
			inputPaths = (
			);
			name = "[CP] Copy Pods Resources";
			outputPaths = (
			);
			runOnlyForDeploymentPostprocessing = 0;
			shellPath = /bin/sh;
			shellScript = "\"${SRCROOT}/Pods/Target Support Files/Pods-ARKitInteraction/Pods-ARKitInteraction-resources.sh\"\n";
			showEnvVarsInLog = 0;
		};
/* End PBXShellScriptBuildPhase section */

/* Begin PBXSourcesBuildPhase section */
		B3E4C895214408ED008E87CF /* Sources */ = {
			isa = PBXSourcesBuildPhase;
			buildActionMask = 2147483647;
			files = (
				B30C3934214BE9D600F444B4 /* MyModel.m in Sources */,
				B30C392E214BE9BB00F444B4 /* MyViewController.m in Sources */,
				6E74822C214A098600E66D1F /* LoginViewController.m in Sources */,
				B3318C532149F96400BA9F1F /* VirtualObject.m in Sources */,
				B3318C502149F90000BA9F1F /* VirtualObjectLoader.m in Sources */,
				B3F11F602144D65C008CADFC /* PositionTranslation.m in Sources */,
				B3F11F632144DF03008CADFC /* FocusSquare.m in Sources */,
				B3E4C8A3214408ED008E87CF /* ViewController.m in Sources */,
				B30C3937214BE9E500F444B4 /* MyViewModel.m in Sources */,
				B3E4C8AE214408EE008E87CF /* main.m in Sources */,
				B30C3931214BE9CB00F444B4 /* MyView.m in Sources */,
				B30C393D214C040400F444B4 /* ThresholdPanGesture.m in Sources */,
				B30C393A214BEA8300F444B4 /* VirtualObjectARView.m in Sources */,
				6E748227214A04C700E66D1F /* MainViewController.m in Sources */,
				B3E4C89E214408ED008E87CF /* AppDelegate.m in Sources */,
				B3F11F662144FE4A008CADFC /* Segment.m in Sources */,
			);
			runOnlyForDeploymentPostprocessing = 0;
		};
/* End PBXSourcesBuildPhase section */

/* Begin PBXVariantGroup section */
		B3E4C8A4214408ED008E87CF /* Main.storyboard */ = {
			isa = PBXVariantGroup;
			children = (
				B3E4C8A5214408ED008E87CF /* Base */,
			);
			name = Main.storyboard;
			sourceTree = "<group>";
		};
		B3E4C8A9214408EE008E87CF /* LaunchScreen.storyboard */ = {
			isa = PBXVariantGroup;
			children = (
				B3E4C8AA214408EE008E87CF /* Base */,
			);
			name = LaunchScreen.storyboard;
			sourceTree = "<group>";
		};
/* End PBXVariantGroup section */

/* Begin XCBuildConfiguration section */
		B3E4C8AF214408EE008E87CF /* Debug */ = {
			isa = XCBuildConfiguration;
			buildSettings = {
				ALWAYS_SEARCH_USER_PATHS = NO;
				CLANG_ANALYZER_NONNULL = YES;
				CLANG_ANALYZER_NUMBER_OBJECT_CONVERSION = YES_AGGRESSIVE;
				CLANG_CXX_LANGUAGE_STANDARD = "gnu++14";
				CLANG_CXX_LIBRARY = "libc++";
				CLANG_ENABLE_MODULES = YES;
				CLANG_ENABLE_OBJC_ARC = YES;
				CLANG_ENABLE_OBJC_WEAK = YES;
				CLANG_WARN_BLOCK_CAPTURE_AUTORELEASING = YES;
				CLANG_WARN_BOOL_CONVERSION = YES;
				CLANG_WARN_COMMA = YES;
				CLANG_WARN_CONSTANT_CONVERSION = YES;
				CLANG_WARN_DEPRECATED_OBJC_IMPLEMENTATIONS = YES;
				CLANG_WARN_DIRECT_OBJC_ISA_USAGE = YES_ERROR;
				CLANG_WARN_DOCUMENTATION_COMMENTS = YES;
				CLANG_WARN_EMPTY_BODY = YES;
				CLANG_WARN_ENUM_CONVERSION = YES;
				CLANG_WARN_INFINITE_RECURSION = YES;
				CLANG_WARN_INT_CONVERSION = YES;
				CLANG_WARN_NON_LITERAL_NULL_CONVERSION = YES;
				CLANG_WARN_OBJC_IMPLICIT_RETAIN_SELF = YES;
				CLANG_WARN_OBJC_LITERAL_CONVERSION = YES;
				CLANG_WARN_OBJC_ROOT_CLASS = YES_ERROR;
				CLANG_WARN_RANGE_LOOP_ANALYSIS = YES;
				CLANG_WARN_STRICT_PROTOTYPES = YES;
				CLANG_WARN_SUSPICIOUS_MOVE = YES;
				CLANG_WARN_UNGUARDED_AVAILABILITY = YES_AGGRESSIVE;
				CLANG_WARN_UNREACHABLE_CODE = YES;
				CLANG_WARN__DUPLICATE_METHOD_MATCH = YES;
				CODE_SIGN_IDENTITY = "iPhone Developer";
				COPY_PHASE_STRIP = NO;
				DEBUG_INFORMATION_FORMAT = dwarf;
				ENABLE_STRICT_OBJC_MSGSEND = YES;
				ENABLE_TESTABILITY = YES;
				GCC_C_LANGUAGE_STANDARD = gnu11;
				GCC_DYNAMIC_NO_PIC = NO;
				GCC_NO_COMMON_BLOCKS = YES;
				GCC_OPTIMIZATION_LEVEL = 0;
				GCC_PREPROCESSOR_DEFINITIONS = (
					"DEBUG=1",
					"$(inherited)",
				);
				GCC_WARN_64_TO_32_BIT_CONVERSION = YES;
				GCC_WARN_ABOUT_RETURN_TYPE = YES_ERROR;
				GCC_WARN_UNDECLARED_SELECTOR = YES;
				GCC_WARN_UNINITIALIZED_AUTOS = YES_AGGRESSIVE;
				GCC_WARN_UNUSED_FUNCTION = YES;
				GCC_WARN_UNUSED_VARIABLE = YES;
				IPHONEOS_DEPLOYMENT_TARGET = 12.0;
				MTL_ENABLE_DEBUG_INFO = INCLUDE_SOURCE;
				MTL_FAST_MATH = YES;
				ONLY_ACTIVE_ARCH = YES;
				SDKROOT = iphoneos;
				USER_HEADER_SEARCH_PATHS = "$(PODS_ROOT)/**";
			};
			name = Debug;
		};
		B3E4C8B0214408EE008E87CF /* Release */ = {
			isa = XCBuildConfiguration;
			buildSettings = {
				ALWAYS_SEARCH_USER_PATHS = NO;
				CLANG_ANALYZER_NONNULL = YES;
				CLANG_ANALYZER_NUMBER_OBJECT_CONVERSION = YES_AGGRESSIVE;
				CLANG_CXX_LANGUAGE_STANDARD = "gnu++14";
				CLANG_CXX_LIBRARY = "libc++";
				CLANG_ENABLE_MODULES = YES;
				CLANG_ENABLE_OBJC_ARC = YES;
				CLANG_ENABLE_OBJC_WEAK = YES;
				CLANG_WARN_BLOCK_CAPTURE_AUTORELEASING = YES;
				CLANG_WARN_BOOL_CONVERSION = YES;
				CLANG_WARN_COMMA = YES;
				CLANG_WARN_CONSTANT_CONVERSION = YES;
				CLANG_WARN_DEPRECATED_OBJC_IMPLEMENTATIONS = YES;
				CLANG_WARN_DIRECT_OBJC_ISA_USAGE = YES_ERROR;
				CLANG_WARN_DOCUMENTATION_COMMENTS = YES;
				CLANG_WARN_EMPTY_BODY = YES;
				CLANG_WARN_ENUM_CONVERSION = YES;
				CLANG_WARN_INFINITE_RECURSION = YES;
				CLANG_WARN_INT_CONVERSION = YES;
				CLANG_WARN_NON_LITERAL_NULL_CONVERSION = YES;
				CLANG_WARN_OBJC_IMPLICIT_RETAIN_SELF = YES;
				CLANG_WARN_OBJC_LITERAL_CONVERSION = YES;
				CLANG_WARN_OBJC_ROOT_CLASS = YES_ERROR;
				CLANG_WARN_RANGE_LOOP_ANALYSIS = YES;
				CLANG_WARN_STRICT_PROTOTYPES = YES;
				CLANG_WARN_SUSPICIOUS_MOVE = YES;
				CLANG_WARN_UNGUARDED_AVAILABILITY = YES_AGGRESSIVE;
				CLANG_WARN_UNREACHABLE_CODE = YES;
				CLANG_WARN__DUPLICATE_METHOD_MATCH = YES;
				CODE_SIGN_IDENTITY = "iPhone Developer";
				COPY_PHASE_STRIP = NO;
				DEBUG_INFORMATION_FORMAT = "dwarf-with-dsym";
				ENABLE_NS_ASSERTIONS = NO;
				ENABLE_STRICT_OBJC_MSGSEND = YES;
				GCC_C_LANGUAGE_STANDARD = gnu11;
				GCC_NO_COMMON_BLOCKS = YES;
				GCC_WARN_64_TO_32_BIT_CONVERSION = YES;
				GCC_WARN_ABOUT_RETURN_TYPE = YES_ERROR;
				GCC_WARN_UNDECLARED_SELECTOR = YES;
				GCC_WARN_UNINITIALIZED_AUTOS = YES_AGGRESSIVE;
				GCC_WARN_UNUSED_FUNCTION = YES;
				GCC_WARN_UNUSED_VARIABLE = YES;
				IPHONEOS_DEPLOYMENT_TARGET = 12.0;
				MTL_ENABLE_DEBUG_INFO = NO;
				MTL_FAST_MATH = YES;
				SDKROOT = iphoneos;
				USER_HEADER_SEARCH_PATHS = "$(PODS_ROOT)/**";
				VALIDATE_PRODUCT = YES;
			};
			name = Release;
		};
		B3E4C8B2214408EE008E87CF /* Debug */ = {
			isa = XCBuildConfiguration;
			baseConfigurationReference = B3158C12F4F03CCED00FD32A /* Pods-ARKitInteraction.debug.xcconfig */;
			buildSettings = {
				ASSETCATALOG_COMPILER_APPICON_NAME = AppIcon;
				CODE_SIGN_STYLE = Automatic;
				DEVELOPMENT_TEAM = AHJHGYFA8S;
				INFOPLIST_FILE = ARKitInteraction/Info.plist;
				IPHONEOS_DEPLOYMENT_TARGET = 11.4;
				LD_RUNPATH_SEARCH_PATHS = (
					"$(inherited)",
					"@executable_path/Frameworks",
				);
				PRODUCT_BUNDLE_IDENTIFIER = com..ARKitInteraction;
				PRODUCT_NAME = "$(TARGET_NAME)";
				TARGETED_DEVICE_FAMILY = "1,2";
			};
			name = Debug;
		};
		B3E4C8B3214408EE008E87CF /* Release */ = {
			isa = XCBuildConfiguration;
			baseConfigurationReference = 1B4158F8CF176958642A6AD7 /* Pods-ARKitInteraction.release.xcconfig */;
			buildSettings = {
				ASSETCATALOG_COMPILER_APPICON_NAME = AppIcon;
				CODE_SIGN_STYLE = Automatic;
				DEVELOPMENT_TEAM = AHJHGYFA8S;
				INFOPLIST_FILE = ARKitInteraction/Info.plist;
				IPHONEOS_DEPLOYMENT_TARGET = 11.4;
				LD_RUNPATH_SEARCH_PATHS = (
					"$(inherited)",
					"@executable_path/Frameworks",
				);
				PRODUCT_BUNDLE_IDENTIFIER = com..ARKitInteraction;
				PRODUCT_NAME = "$(TARGET_NAME)";
				TARGETED_DEVICE_FAMILY = "1,2";
			};
			name = Release;
		};
/* End XCBuildConfiguration section */

/* Begin XCConfigurationList section */
		B3E4C894214408ED008E87CF /* Build configuration list for PBXProject "ARKitInteraction" */ = {
			isa = XCConfigurationList;
			buildConfigurations = (
				B3E4C8AF214408EE008E87CF /* Debug */,
				B3E4C8B0214408EE008E87CF /* Release */,
			);
			defaultConfigurationIsVisible = 0;
			defaultConfigurationName = Release;
		};
		B3E4C8B1214408EE008E87CF /* Build configuration list for PBXNativeTarget "ARKitInteraction" */ = {
			isa = XCConfigurationList;
			buildConfigurations = (
				B3E4C8B2214408EE008E87CF /* Debug */,
				B3E4C8B3214408EE008E87CF /* Release */,
			);
			defaultConfigurationIsVisible = 0;
			defaultConfigurationName = Release;
		};
/* End XCConfigurationList section */
	};
	rootObject = B3E4C891214408ED008E87CF /* Project object */;
}
