// !$*UTF8*$!
{
	archiveVersion = 1;
	classes = {
	};
	objectVersion = 50;
	objects = {

/* Begin PBXBuildFile section */
		3C97C976555CCF21B23EC084 /* libPods-ARKitInteraction.a in Frameworks */ = {isa = PBXBuildFile; fileRef = C92F81556EF3892EDF0D0D7D /* libPods-ARKitInteraction.a */; };
		6EC515D2214D2D3300033705 /* ConfirmOrderViewController.m in Sources */ = {isa = PBXBuildFile; fileRef = 6EC515D0214D2D3300033705 /* ConfirmOrderViewController.m */; };
		6EC515DA214D2D6D00033705 /* CanDeletePictureCell.m in Sources */ = {isa = PBXBuildFile; fileRef = 6EC515D4214D2D6D00033705 /* CanDeletePictureCell.m */; };
		6EC515DB214D2D6D00033705 /* SelectPictureCell.m in Sources */ = {isa = PBXBuildFile; fileRef = 6EC515D6214D2D6D00033705 /* SelectPictureCell.m */; };
		6EC515DD214D2D6D00033705 /* GoodsIntroCell.m in Sources */ = {isa = PBXBuildFile; fileRef = 6EC515D9214D2D6D00033705 /* GoodsIntroCell.m */; };
		6EC515E2214D2DA900033705 /* ClassItemArrayModel.m in Sources */ = {isa = PBXBuildFile; fileRef = 6EC515DF214D2DA900033705 /* ClassItemArrayModel.m */; };
		6EC515E3214D2DA900033705 /* ConfirmOrderModel.m in Sources */ = {isa = PBXBuildFile; fileRef = 6EC515E0214D2DA900033705 /* ConfirmOrderModel.m */; };
		6EC51646214D857000033705 /* SelectCompanyController.m in Sources */ = {isa = PBXBuildFile; fileRef = 6EC51642214D857000033705 /* SelectCompanyController.m */; };
		6EC51647214D857000033705 /* MyOrderViewController.m in Sources */ = {isa = PBXBuildFile; fileRef = 6EC51644214D857000033705 /* MyOrderViewController.m */; };
		6EC51653214D858900033705 /* ChoseItemView.m in Sources */ = {isa = PBXBuildFile; fileRef = 6EC5164A214D858900033705 /* ChoseItemView.m */; };
		6EC51654214D858900033705 /* ItemSelectCollectionViewCell.m in Sources */ = {isa = PBXBuildFile; fileRef = 6EC5164B214D858900033705 /* ItemSelectCollectionViewCell.m */; };
		6EC51655214D858900033705 /* ClassTypeSelectCell.m in Sources */ = {isa = PBXBuildFile; fileRef = 6EC5164D214D858900033705 /* ClassTypeSelectCell.m */; };
		6EC51656214D858900033705 /* MainFunctionView.m in Sources */ = {isa = PBXBuildFile; fileRef = 6EC5164F214D858900033705 /* MainFunctionView.m */; };
		6EC51657214D858900033705 /* ShotedPicView.m in Sources */ = {isa = PBXBuildFile; fileRef = 6EC51651214D858900033705 /* ShotedPicView.m */; };
		6EC5165A214D859200033705 /* MyOrderModel.m in Sources */ = {isa = PBXBuildFile; fileRef = 6EC51659214D859200033705 /* MyOrderModel.m */; };
		6EC5165D214D85B000033705 /* ConfirmOrderSelectCompanyCell.m in Sources */ = {isa = PBXBuildFile; fileRef = 6EC5165C214D85B000033705 /* ConfirmOrderSelectCompanyCell.m */; };
		6EC51660214D85BB00033705 /* TotalPriceCell.m in Sources */ = {isa = PBXBuildFile; fileRef = 6EC5165E214D85BB00033705 /* TotalPriceCell.m */; };
		B30C3937214BE9E500F444B4 /* MyViewModel.m in Sources */ = {isa = PBXBuildFile; fileRef = B30C3936214BE9E500F444B4 /* MyViewModel.m */; };
		B30C393A214BEA8300F444B4 /* VirtualObjectARView.m in Sources */ = {isa = PBXBuildFile; fileRef = B30C3939214BEA8300F444B4 /* VirtualObjectARView.m */; };
		B30C393D214C040400F444B4 /* ThresholdPanGesture.m in Sources */ = {isa = PBXBuildFile; fileRef = B30C393C214C040300F444B4 /* ThresholdPanGesture.m */; };
		B3318C502149F90000BA9F1F /* VirtualObjectLoader.m in Sources */ = {isa = PBXBuildFile; fileRef = B3318C4F2149F90000BA9F1F /* VirtualObjectLoader.m */; };
		B3318C532149F96400BA9F1F /* VirtualObject.m in Sources */ = {isa = PBXBuildFile; fileRef = B3318C522149F96400BA9F1F /* VirtualObject.m */; };
		B33ABDAE214D13D500A65F04 /* VirtualObjectSelectionViewController.m in Sources */ = {isa = PBXBuildFile; fileRef = B33ABDAD214D13D500A65F04 /* VirtualObjectSelectionViewController.m */; };
		B3598CE1214C87110075A2C6 /* VirtualObjectInteraction.m in Sources */ = {isa = PBXBuildFile; fileRef = B3598CE0214C87110075A2C6 /* VirtualObjectInteraction.m */; };
		B397CEC6214CC60700C3ADD7 /* StatusViewController.m in Sources */ = {isa = PBXBuildFile; fileRef = B397CEC5214CC60700C3ADD7 /* StatusViewController.m */; };
		B39853E1214D4A86006D3CFB /* ViewController+Actions.m in Sources */ = {isa = PBXBuildFile; fileRef = B39853E0214D4A86006D3CFB /* ViewController+Actions.m */; };
		B39853E4214D5263006D3CFB /* ViewController+ARSCNViewDelegate.m in Sources */ = {isa = PBXBuildFile; fileRef = B39853E3214D5263006D3CFB /* ViewController+ARSCNViewDelegate.m */; };
		B39853EC214D5D46006D3CFB /* Theme.m in Sources */ = {isa = PBXBuildFile; fileRef = B39853E9214D5D46006D3CFB /* Theme.m */; };
		B39853ED214D5D46006D3CFB /* UIColor+Category.m in Sources */ = {isa = PBXBuildFile; fileRef = B39853EA214D5D46006D3CFB /* UIColor+Category.m */; };
		B3985425214DAB7B006D3CFB /* ViewController+Actions.swift in Sources */ = {isa = PBXBuildFile; fileRef = B3985416214DAB7A006D3CFB /* ViewController+Actions.swift */; };
		B3985426214DAB7B006D3CFB /* VirtualObjectInteraction.swift in Sources */ = {isa = PBXBuildFile; fileRef = B3985417214DAB7A006D3CFB /* VirtualObjectInteraction.swift */; };
		B3985427214DAB7B006D3CFB /* VirtualObjectSelection.swift in Sources */ = {isa = PBXBuildFile; fileRef = B3985419214DAB7A006D3CFB /* VirtualObjectSelection.swift */; };
		B3985428214DAB7B006D3CFB /* StatusViewController.swift in Sources */ = {isa = PBXBuildFile; fileRef = B398541A214DAB7A006D3CFB /* StatusViewController.swift */; };
		B3985429214DAB7B006D3CFB /* ViewController.swift in Sources */ = {isa = PBXBuildFile; fileRef = B398541B214DAB7A006D3CFB /* ViewController.swift */; };
		B398542A214DAB7B006D3CFB /* VirtualObjectLoader.swift in Sources */ = {isa = PBXBuildFile; fileRef = B398541D214DAB7A006D3CFB /* VirtualObjectLoader.swift */; };
		B398542B214DAB7B006D3CFB /* VirtualObject.swift in Sources */ = {isa = PBXBuildFile; fileRef = B398541E214DAB7A006D3CFB /* VirtualObject.swift */; };
		B398542C214DAB7B006D3CFB /* ViewController+ARSCNViewDelegate.swift in Sources */ = {isa = PBXBuildFile; fileRef = B398541F214DAB7A006D3CFB /* ViewController+ARSCNViewDelegate.swift */; };
		B398542D214DAB7B006D3CFB /* ThresholdPanGesture.swift in Sources */ = {isa = PBXBuildFile; fileRef = B3985420214DAB7B006D3CFB /* ThresholdPanGesture.swift */; };
		B398542E214DAB7B006D3CFB /* VirtualObjectARView.swift in Sources */ = {isa = PBXBuildFile; fileRef = B3985421214DAB7B006D3CFB /* VirtualObjectARView.swift */; };
		B398542F214DAB7B006D3CFB /* ViewController+ObjectSelection.swift in Sources */ = {isa = PBXBuildFile; fileRef = B3985422214DAB7B006D3CFB /* ViewController+ObjectSelection.swift */; };
		B3985430214DAB7B006D3CFB /* Utilities.swift in Sources */ = {isa = PBXBuildFile; fileRef = B3985424214DAB7B006D3CFB /* Utilities.swift */; };
		B3985434214DACFC006D3CFB /* FocusSquareSegment.swift in Sources */ = {isa = PBXBuildFile; fileRef = B3985432214DACFB006D3CFB /* FocusSquareSegment.swift */; };
		B3985435214DACFC006D3CFB /* FocusSquare.swift in Sources */ = {isa = PBXBuildFile; fileRef = B3985433214DACFB006D3CFB /* FocusSquare.swift */; };
		B398543A214DADA4006D3CFB /* ViewController.m in Sources */ = {isa = PBXBuildFile; fileRef = B3985439214DADA4006D3CFB /* ViewController.m */; };
		B3BFA86D214DB01400FF33C4 /* OCViewController.m in Sources */ = {isa = PBXBuildFile; fileRef = B3BFA86C214DB01400FF33C4 /* OCViewController.m */; };
		B3BFA86F214DC50F00FF33C4 /* Main.storyboard in Resources */ = {isa = PBXBuildFile; fileRef = B3BFA86E214DC50F00FF33C4 /* Main.storyboard */; };
		B3C7E4F6214CBB0D002992D6 /* ViewController+ObjectSelection.m in Sources */ = {isa = PBXBuildFile; fileRef = B3C7E4F5214CBB0D002992D6 /* ViewController+ObjectSelection.m */; };
		B3E4C89E214408ED008E87CF /* AppDelegate.m in Sources */ = {isa = PBXBuildFile; fileRef = B3E4C89D214408ED008E87CF /* AppDelegate.m */; };
		B3E4C8A0214408ED008E87CF /* art.scnassets in Resources */ = {isa = PBXBuildFile; fileRef = B3E4C89F214408ED008E87CF /* art.scnassets */; };
		B3E4C8A8214408EE008E87CF /* Assets.xcassets in Resources */ = {isa = PBXBuildFile; fileRef = B3E4C8A7214408EE008E87CF /* Assets.xcassets */; };
		B3E4C8AB214408EE008E87CF /* LaunchScreen.storyboard in Resources */ = {isa = PBXBuildFile; fileRef = B3E4C8A9214408EE008E87CF /* LaunchScreen.storyboard */; };
		B3E4C8AE214408EE008E87CF /* main.m in Sources */ = {isa = PBXBuildFile; fileRef = B3E4C8AD214408EE008E87CF /* main.m */; };
		B3F11F602144D65C008CADFC /* PositionTranslation.m in Sources */ = {isa = PBXBuildFile; fileRef = B3F11F5F2144D65C008CADFC /* PositionTranslation.m */; };
		B3F11F632144DF03008CADFC /* FocusSquare.m in Sources */ = {isa = PBXBuildFile; fileRef = B3F11F622144DF03008CADFC /* FocusSquare.m */; };
		B3F11F662144FE4A008CADFC /* Segment.m in Sources */ = {isa = PBXBuildFile; fileRef = B3F11F652144FE4A008CADFC /* Segment.m */; };
/* End PBXBuildFile section */

/* Begin PBXFileReference section */
		1B4158F8CF176958642A6AD7 /* Pods-ARKitInteraction.release.xcconfig */ = {isa = PBXFileReference; includeInIndex = 1; lastKnownFileType = text.xcconfig; name = "Pods-ARKitInteraction.release.xcconfig"; path = "Pods/Target Support Files/Pods-ARKitInteraction/Pods-ARKitInteraction.release.xcconfig"; sourceTree = "<group>"; };
		6E339EEF214D939E007EEB6E /* EnumHeader.h */ = {isa = PBXFileReference; lastKnownFileType = sourcecode.c.h; path = EnumHeader.h; sourceTree = "<group>"; };
		6EC515CF214D2D3300033705 /* ConfirmOrderViewController.h */ = {isa = PBXFileReference; fileEncoding = 4; lastKnownFileType = sourcecode.c.h; path = ConfirmOrderViewController.h; sourceTree = "<group>"; };
		6EC515D0214D2D3300033705 /* ConfirmOrderViewController.m */ = {isa = PBXFileReference; fileEncoding = 4; lastKnownFileType = sourcecode.c.objc; path = ConfirmOrderViewController.m; sourceTree = "<group>"; };
		6EC515D3214D2D6D00033705 /* SelectPictureCell.h */ = {isa = PBXFileReference; fileEncoding = 4; lastKnownFileType = sourcecode.c.h; path = SelectPictureCell.h; sourceTree = "<group>"; };
		6EC515D4214D2D6D00033705 /* CanDeletePictureCell.m */ = {isa = PBXFileReference; fileEncoding = 4; lastKnownFileType = sourcecode.c.objc; path = CanDeletePictureCell.m; sourceTree = "<group>"; };
		6EC515D5214D2D6D00033705 /* GoodsIntroCell.h */ = {isa = PBXFileReference; fileEncoding = 4; lastKnownFileType = sourcecode.c.h; path = GoodsIntroCell.h; sourceTree = "<group>"; };
		6EC515D6214D2D6D00033705 /* SelectPictureCell.m */ = {isa = PBXFileReference; fileEncoding = 4; lastKnownFileType = sourcecode.c.objc; path = SelectPictureCell.m; sourceTree = "<group>"; };
		6EC515D8214D2D6D00033705 /* CanDeletePictureCell.h */ = {isa = PBXFileReference; fileEncoding = 4; lastKnownFileType = sourcecode.c.h; path = CanDeletePictureCell.h; sourceTree = "<group>"; };
		6EC515D9214D2D6D00033705 /* GoodsIntroCell.m */ = {isa = PBXFileReference; fileEncoding = 4; lastKnownFileType = sourcecode.c.objc; path = GoodsIntroCell.m; sourceTree = "<group>"; };
		6EC515DE214D2DA900033705 /* ClassItemArrayModel.h */ = {isa = PBXFileReference; fileEncoding = 4; lastKnownFileType = sourcecode.c.h; path = ClassItemArrayModel.h; sourceTree = "<group>"; };
		6EC515DF214D2DA900033705 /* ClassItemArrayModel.m */ = {isa = PBXFileReference; fileEncoding = 4; lastKnownFileType = sourcecode.c.objc; path = ClassItemArrayModel.m; sourceTree = "<group>"; };
		6EC515E0214D2DA900033705 /* ConfirmOrderModel.m */ = {isa = PBXFileReference; fileEncoding = 4; lastKnownFileType = sourcecode.c.objc; path = ConfirmOrderModel.m; sourceTree = "<group>"; };
		6EC515E1214D2DA900033705 /* ConfirmOrderModel.h */ = {isa = PBXFileReference; fileEncoding = 4; lastKnownFileType = sourcecode.c.h; path = ConfirmOrderModel.h; sourceTree = "<group>"; };
		6EC51642214D857000033705 /* SelectCompanyController.m */ = {isa = PBXFileReference; fileEncoding = 4; lastKnownFileType = sourcecode.c.objc; path = SelectCompanyController.m; sourceTree = "<group>"; };
		6EC51643214D857000033705 /* MyOrderViewController.h */ = {isa = PBXFileReference; fileEncoding = 4; lastKnownFileType = sourcecode.c.h; path = MyOrderViewController.h; sourceTree = "<group>"; };
		6EC51644214D857000033705 /* MyOrderViewController.m */ = {isa = PBXFileReference; fileEncoding = 4; lastKnownFileType = sourcecode.c.objc; path = MyOrderViewController.m; sourceTree = "<group>"; };
		6EC51645214D857000033705 /* SelectCompanyController.h */ = {isa = PBXFileReference; fileEncoding = 4; lastKnownFileType = sourcecode.c.h; path = SelectCompanyController.h; sourceTree = "<group>"; };
		6EC51649214D858900033705 /* MainFunctionView.h */ = {isa = PBXFileReference; fileEncoding = 4; lastKnownFileType = sourcecode.c.h; path = MainFunctionView.h; sourceTree = "<group>"; };
		6EC5164A214D858900033705 /* ChoseItemView.m */ = {isa = PBXFileReference; fileEncoding = 4; lastKnownFileType = sourcecode.c.objc; path = ChoseItemView.m; sourceTree = "<group>"; };
		6EC5164B214D858900033705 /* ItemSelectCollectionViewCell.m */ = {isa = PBXFileReference; fileEncoding = 4; lastKnownFileType = sourcecode.c.objc; path = ItemSelectCollectionViewCell.m; sourceTree = "<group>"; };
		6EC5164C214D858900033705 /* ShotedPicView.h */ = {isa = PBXFileReference; fileEncoding = 4; lastKnownFileType = sourcecode.c.h; path = ShotedPicView.h; sourceTree = "<group>"; };
		6EC5164D214D858900033705 /* ClassTypeSelectCell.m */ = {isa = PBXFileReference; fileEncoding = 4; lastKnownFileType = sourcecode.c.objc; path = ClassTypeSelectCell.m; sourceTree = "<group>"; };
		6EC5164E214D858900033705 /* ChoseItemView.h */ = {isa = PBXFileReference; fileEncoding = 4; lastKnownFileType = sourcecode.c.h; path = ChoseItemView.h; sourceTree = "<group>"; };
		6EC5164F214D858900033705 /* MainFunctionView.m */ = {isa = PBXFileReference; fileEncoding = 4; lastKnownFileType = sourcecode.c.objc; path = MainFunctionView.m; sourceTree = "<group>"; };
		6EC51650214D858900033705 /* ItemSelectCollectionViewCell.h */ = {isa = PBXFileReference; fileEncoding = 4; lastKnownFileType = sourcecode.c.h; path = ItemSelectCollectionViewCell.h; sourceTree = "<group>"; };
		6EC51651214D858900033705 /* ShotedPicView.m */ = {isa = PBXFileReference; fileEncoding = 4; lastKnownFileType = sourcecode.c.objc; path = ShotedPicView.m; sourceTree = "<group>"; };
		6EC51652214D858900033705 /* ClassTypeSelectCell.h */ = {isa = PBXFileReference; fileEncoding = 4; lastKnownFileType = sourcecode.c.h; path = ClassTypeSelectCell.h; sourceTree = "<group>"; };
		6EC51658214D859200033705 /* MyOrderModel.h */ = {isa = PBXFileReference; fileEncoding = 4; lastKnownFileType = sourcecode.c.h; path = MyOrderModel.h; sourceTree = "<group>"; };
		6EC51659214D859200033705 /* MyOrderModel.m */ = {isa = PBXFileReference; fileEncoding = 4; lastKnownFileType = sourcecode.c.objc; path = MyOrderModel.m; sourceTree = "<group>"; };
		6EC5165B214D85B000033705 /* ConfirmOrderSelectCompanyCell.h */ = {isa = PBXFileReference; fileEncoding = 4; lastKnownFileType = sourcecode.c.h; path = ConfirmOrderSelectCompanyCell.h; sourceTree = "<group>"; };
		6EC5165C214D85B000033705 /* ConfirmOrderSelectCompanyCell.m */ = {isa = PBXFileReference; fileEncoding = 4; lastKnownFileType = sourcecode.c.objc; path = ConfirmOrderSelectCompanyCell.m; sourceTree = "<group>"; };
		6EC5165E214D85BB00033705 /* TotalPriceCell.m */ = {isa = PBXFileReference; fileEncoding = 4; lastKnownFileType = sourcecode.c.objc; path = TotalPriceCell.m; sourceTree = "<group>"; };
		6EC5165F214D85BB00033705 /* TotalPriceCell.h */ = {isa = PBXFileReference; fileEncoding = 4; lastKnownFileType = sourcecode.c.h; path = TotalPriceCell.h; sourceTree = "<group>"; };
		B30C3935214BE9E500F444B4 /* MyViewModel.h */ = {isa = PBXFileReference; lastKnownFileType = sourcecode.c.h; path = MyViewModel.h; sourceTree = "<group>"; };
		B30C3936214BE9E500F444B4 /* MyViewModel.m */ = {isa = PBXFileReference; lastKnownFileType = sourcecode.c.objc; path = MyViewModel.m; sourceTree = "<group>"; };
		B30C3938214BEA8300F444B4 /* VirtualObjectARView.h */ = {isa = PBXFileReference; lastKnownFileType = sourcecode.c.h; path = VirtualObjectARView.h; sourceTree = "<group>"; };
		B30C3939214BEA8300F444B4 /* VirtualObjectARView.m */ = {isa = PBXFileReference; lastKnownFileType = sourcecode.c.objc; path = VirtualObjectARView.m; sourceTree = "<group>"; };
		B30C393B214C040300F444B4 /* ThresholdPanGesture.h */ = {isa = PBXFileReference; lastKnownFileType = sourcecode.c.h; path = ThresholdPanGesture.h; sourceTree = "<group>"; };
		B30C393C214C040300F444B4 /* ThresholdPanGesture.m */ = {isa = PBXFileReference; lastKnownFileType = sourcecode.c.objc; path = ThresholdPanGesture.m; sourceTree = "<group>"; };
		B3158C12F4F03CCED00FD32A /* Pods-ARKitInteraction.debug.xcconfig */ = {isa = PBXFileReference; includeInIndex = 1; lastKnownFileType = text.xcconfig; name = "Pods-ARKitInteraction.debug.xcconfig"; path = "Pods/Target Support Files/Pods-ARKitInteraction/Pods-ARKitInteraction.debug.xcconfig"; sourceTree = "<group>"; };
		B3318C4E2149F90000BA9F1F /* VirtualObjectLoader.h */ = {isa = PBXFileReference; lastKnownFileType = sourcecode.c.h; path = VirtualObjectLoader.h; sourceTree = "<group>"; };
		B3318C4F2149F90000BA9F1F /* VirtualObjectLoader.m */ = {isa = PBXFileReference; lastKnownFileType = sourcecode.c.objc; path = VirtualObjectLoader.m; sourceTree = "<group>"; };
		B3318C512149F96400BA9F1F /* VirtualObject.h */ = {isa = PBXFileReference; lastKnownFileType = sourcecode.c.h; path = VirtualObject.h; sourceTree = "<group>"; };
		B3318C522149F96400BA9F1F /* VirtualObject.m */ = {isa = PBXFileReference; lastKnownFileType = sourcecode.c.objc; path = VirtualObject.m; sourceTree = "<group>"; };
		B33ABDAC214D13D500A65F04 /* VirtualObjectSelectionViewController.h */ = {isa = PBXFileReference; lastKnownFileType = sourcecode.c.h; path = VirtualObjectSelectionViewController.h; sourceTree = "<group>"; };
		B33ABDAD214D13D500A65F04 /* VirtualObjectSelectionViewController.m */ = {isa = PBXFileReference; lastKnownFileType = sourcecode.c.objc; path = VirtualObjectSelectionViewController.m; sourceTree = "<group>"; };
		B3598CDF214C87110075A2C6 /* VirtualObjectInteraction.h */ = {isa = PBXFileReference; lastKnownFileType = sourcecode.c.h; path = VirtualObjectInteraction.h; sourceTree = "<group>"; };
		B3598CE0214C87110075A2C6 /* VirtualObjectInteraction.m */ = {isa = PBXFileReference; lastKnownFileType = sourcecode.c.objc; path = VirtualObjectInteraction.m; sourceTree = "<group>"; };
		B397CEC4214CC60700C3ADD7 /* StatusViewController.h */ = {isa = PBXFileReference; lastKnownFileType = sourcecode.c.h; path = StatusViewController.h; sourceTree = "<group>"; };
		B397CEC5214CC60700C3ADD7 /* StatusViewController.m */ = {isa = PBXFileReference; lastKnownFileType = sourcecode.c.objc; path = StatusViewController.m; sourceTree = "<group>"; };
		B39853DF214D4A86006D3CFB /* ViewController+Actions.h */ = {isa = PBXFileReference; lastKnownFileType = sourcecode.c.h; path = "ViewController+Actions.h"; sourceTree = "<group>"; };
		B39853E0214D4A86006D3CFB /* ViewController+Actions.m */ = {isa = PBXFileReference; lastKnownFileType = sourcecode.c.objc; path = "ViewController+Actions.m"; sourceTree = "<group>"; };
		B39853E2214D5263006D3CFB /* ViewController+ARSCNViewDelegate.h */ = {isa = PBXFileReference; lastKnownFileType = sourcecode.c.h; path = "ViewController+ARSCNViewDelegate.h"; sourceTree = "<group>"; };
		B39853E3214D5263006D3CFB /* ViewController+ARSCNViewDelegate.m */ = {isa = PBXFileReference; lastKnownFileType = sourcecode.c.objc; path = "ViewController+ARSCNViewDelegate.m"; sourceTree = "<group>"; };
		B39853E8214D5D46006D3CFB /* Theme.h */ = {isa = PBXFileReference; fileEncoding = 4; lastKnownFileType = sourcecode.c.h; path = Theme.h; sourceTree = "<group>"; };
		B39853E9214D5D46006D3CFB /* Theme.m */ = {isa = PBXFileReference; fileEncoding = 4; lastKnownFileType = sourcecode.c.objc; path = Theme.m; sourceTree = "<group>"; };
		B39853EA214D5D46006D3CFB /* UIColor+Category.m */ = {isa = PBXFileReference; fileEncoding = 4; lastKnownFileType = sourcecode.c.objc; path = "UIColor+Category.m"; sourceTree = "<group>"; };
		B39853EB214D5D46006D3CFB /* UIColor+Category.h */ = {isa = PBXFileReference; fileEncoding = 4; lastKnownFileType = sourcecode.c.h; path = "UIColor+Category.h"; sourceTree = "<group>"; };
		B3985413214DAB1A006D3CFB /* ARKitInteraction-Bridging-Header.h */ = {isa = PBXFileReference; lastKnownFileType = sourcecode.c.h; path = "ARKitInteraction-Bridging-Header.h"; sourceTree = "<group>"; };
		B3985416214DAB7A006D3CFB /* ViewController+Actions.swift */ = {isa = PBXFileReference; fileEncoding = 4; lastKnownFileType = sourcecode.swift; path = "ViewController+Actions.swift"; sourceTree = "<group>"; };
		B3985417214DAB7A006D3CFB /* VirtualObjectInteraction.swift */ = {isa = PBXFileReference; fileEncoding = 4; lastKnownFileType = sourcecode.swift; path = VirtualObjectInteraction.swift; sourceTree = "<group>"; };
		B3985419214DAB7A006D3CFB /* VirtualObjectSelection.swift */ = {isa = PBXFileReference; fileEncoding = 4; lastKnownFileType = sourcecode.swift; path = VirtualObjectSelection.swift; sourceTree = "<group>"; };
		B398541A214DAB7A006D3CFB /* StatusViewController.swift */ = {isa = PBXFileReference; fileEncoding = 4; lastKnownFileType = sourcecode.swift; path = StatusViewController.swift; sourceTree = "<group>"; };
		B398541B214DAB7A006D3CFB /* ViewController.swift */ = {isa = PBXFileReference; fileEncoding = 4; lastKnownFileType = sourcecode.swift; path = ViewController.swift; sourceTree = "<group>"; };
		B398541D214DAB7A006D3CFB /* VirtualObjectLoader.swift */ = {isa = PBXFileReference; fileEncoding = 4; lastKnownFileType = sourcecode.swift; path = VirtualObjectLoader.swift; sourceTree = "<group>"; };
		B398541E214DAB7A006D3CFB /* VirtualObject.swift */ = {isa = PBXFileReference; fileEncoding = 4; lastKnownFileType = sourcecode.swift; path = VirtualObject.swift; sourceTree = "<group>"; };
		B398541F214DAB7A006D3CFB /* ViewController+ARSCNViewDelegate.swift */ = {isa = PBXFileReference; fileEncoding = 4; lastKnownFileType = sourcecode.swift; path = "ViewController+ARSCNViewDelegate.swift"; sourceTree = "<group>"; };
		B3985420214DAB7B006D3CFB /* ThresholdPanGesture.swift */ = {isa = PBXFileReference; fileEncoding = 4; lastKnownFileType = sourcecode.swift; path = ThresholdPanGesture.swift; sourceTree = "<group>"; };
		B3985421214DAB7B006D3CFB /* VirtualObjectARView.swift */ = {isa = PBXFileReference; fileEncoding = 4; lastKnownFileType = sourcecode.swift; path = VirtualObjectARView.swift; sourceTree = "<group>"; };
		B3985422214DAB7B006D3CFB /* ViewController+ObjectSelection.swift */ = {isa = PBXFileReference; fileEncoding = 4; lastKnownFileType = sourcecode.swift; path = "ViewController+ObjectSelection.swift"; sourceTree = "<group>"; };
		B3985424214DAB7B006D3CFB /* Utilities.swift */ = {isa = PBXFileReference; fileEncoding = 4; lastKnownFileType = sourcecode.swift; path = Utilities.swift; sourceTree = "<group>"; };
		B3985432214DACFB006D3CFB /* FocusSquareSegment.swift */ = {isa = PBXFileReference; fileEncoding = 4; lastKnownFileType = sourcecode.swift; path = FocusSquareSegment.swift; sourceTree = "<group>"; };
		B3985433214DACFB006D3CFB /* FocusSquare.swift */ = {isa = PBXFileReference; fileEncoding = 4; lastKnownFileType = sourcecode.swift; path = FocusSquare.swift; sourceTree = "<group>"; };
		B3985438214DADA4006D3CFB /* ViewController.h */ = {isa = PBXFileReference; fileEncoding = 4; lastKnownFileType = sourcecode.c.h; path = ViewController.h; sourceTree = "<group>"; };
		B3985439214DADA4006D3CFB /* ViewController.m */ = {isa = PBXFileReference; fileEncoding = 4; lastKnownFileType = sourcecode.c.objc; path = ViewController.m; sourceTree = "<group>"; };
		B3BFA86B214DB01400FF33C4 /* OCViewController.h */ = {isa = PBXFileReference; lastKnownFileType = sourcecode.c.h; path = OCViewController.h; sourceTree = "<group>"; };
		B3BFA86C214DB01400FF33C4 /* OCViewController.m */ = {isa = PBXFileReference; lastKnownFileType = sourcecode.c.objc; path = OCViewController.m; sourceTree = "<group>"; };
		B3BFA86E214DC50F00FF33C4 /* Main.storyboard */ = {isa = PBXFileReference; fileEncoding = 4; lastKnownFileType = file.storyboard; path = Main.storyboard; sourceTree = "<group>"; };
		B3C7E4F4214CBB0D002992D6 /* ViewController+ObjectSelection.h */ = {isa = PBXFileReference; lastKnownFileType = sourcecode.c.h; path = "ViewController+ObjectSelection.h"; sourceTree = "<group>"; };
		B3C7E4F5214CBB0D002992D6 /* ViewController+ObjectSelection.m */ = {isa = PBXFileReference; lastKnownFileType = sourcecode.c.objc; path = "ViewController+ObjectSelection.m"; sourceTree = "<group>"; };
		B3E4C899214408ED008E87CF /* ARKitInteraction.app */ = {isa = PBXFileReference; explicitFileType = wrapper.application; includeInIndex = 0; path = ARKitInteraction.app; sourceTree = BUILT_PRODUCTS_DIR; };
		B3E4C89C214408ED008E87CF /* AppDelegate.h */ = {isa = PBXFileReference; lastKnownFileType = sourcecode.c.h; path = AppDelegate.h; sourceTree = "<group>"; };
		B3E4C89D214408ED008E87CF /* AppDelegate.m */ = {isa = PBXFileReference; lastKnownFileType = sourcecode.c.objc; path = AppDelegate.m; sourceTree = "<group>"; };
		B3E4C89F214408ED008E87CF /* art.scnassets */ = {isa = PBXFileReference; lastKnownFileType = wrapper.scnassets; path = art.scnassets; sourceTree = "<group>"; };
		B3E4C8A7214408EE008E87CF /* Assets.xcassets */ = {isa = PBXFileReference; lastKnownFileType = folder.assetcatalog; path = Assets.xcassets; sourceTree = "<group>"; };
		B3E4C8AA214408EE008E87CF /* Base */ = {isa = PBXFileReference; lastKnownFileType = file.storyboard; name = Base; path = Base.lproj/LaunchScreen.storyboard; sourceTree = "<group>"; };
		B3E4C8AC214408EE008E87CF /* Info.plist */ = {isa = PBXFileReference; lastKnownFileType = text.plist.xml; path = Info.plist; sourceTree = "<group>"; };
		B3E4C8AD214408EE008E87CF /* main.m */ = {isa = PBXFileReference; lastKnownFileType = sourcecode.c.objc; path = main.m; sourceTree = "<group>"; };
		B3F11F5E2144D65C008CADFC /* PositionTranslation.h */ = {isa = PBXFileReference; lastKnownFileType = sourcecode.c.h; path = PositionTranslation.h; sourceTree = "<group>"; };
		B3F11F5F2144D65C008CADFC /* PositionTranslation.m */ = {isa = PBXFileReference; lastKnownFileType = sourcecode.c.objc; path = PositionTranslation.m; sourceTree = "<group>"; };
		B3F11F612144DF03008CADFC /* FocusSquare.h */ = {isa = PBXFileReference; lastKnownFileType = sourcecode.c.h; path = FocusSquare.h; sourceTree = "<group>"; };
		B3F11F622144DF03008CADFC /* FocusSquare.m */ = {isa = PBXFileReference; lastKnownFileType = sourcecode.c.objc; path = FocusSquare.m; sourceTree = "<group>"; };
		B3F11F642144FE4A008CADFC /* Segment.h */ = {isa = PBXFileReference; lastKnownFileType = sourcecode.c.h; path = Segment.h; sourceTree = "<group>"; };
		B3F11F652144FE4A008CADFC /* Segment.m */ = {isa = PBXFileReference; lastKnownFileType = sourcecode.c.objc; path = Segment.m; sourceTree = "<group>"; };
		C92F81556EF3892EDF0D0D7D /* libPods-ARKitInteraction.a */ = {isa = PBXFileReference; explicitFileType = archive.ar; includeInIndex = 0; path = "libPods-ARKitInteraction.a"; sourceTree = BUILT_PRODUCTS_DIR; };
/* End PBXFileReference section */

/* Begin PBXFrameworksBuildPhase section */
		B3E4C896214408ED008E87CF /* Frameworks */ = {
			isa = PBXFrameworksBuildPhase;
			buildActionMask = 2147483647;
			files = (
				3C97C976555CCF21B23EC084 /* libPods-ARKitInteraction.a in Frameworks */,
			);
			runOnlyForDeploymentPostprocessing = 0;
		};
/* End PBXFrameworksBuildPhase section */

/* Begin PBXGroup section */
		284349973684FED205025FA6 /* Pods */ = {
			isa = PBXGroup;
			children = (
				B3158C12F4F03CCED00FD32A /* Pods-ARKitInteraction.debug.xcconfig */,
				1B4158F8CF176958642A6AD7 /* Pods-ARKitInteraction.release.xcconfig */,
			);
			name = Pods;
			sourceTree = "<group>";
		};
		6E748224214A049A00E66D1F /* MainVC */ = {
			isa = PBXGroup;
			children = (
			);
			path = MainVC;
			sourceTree = "<group>";
		};
		6EC51648214D858900033705 /* MainPage */ = {
			isa = PBXGroup;
			children = (
				6EC5164C214D858900033705 /* ShotedPicView.h */,
				6EC51651214D858900033705 /* ShotedPicView.m */,
				6EC5164E214D858900033705 /* ChoseItemView.h */,
				6EC5164A214D858900033705 /* ChoseItemView.m */,
				6EC51649214D858900033705 /* MainFunctionView.h */,
				6EC5164F214D858900033705 /* MainFunctionView.m */,
				6EC51650214D858900033705 /* ItemSelectCollectionViewCell.h */,
				6EC5164B214D858900033705 /* ItemSelectCollectionViewCell.m */,
				6EC51652214D858900033705 /* ClassTypeSelectCell.h */,
				6EC5164D214D858900033705 /* ClassTypeSelectCell.m */,
			);
			path = MainPage;
			sourceTree = "<group>";
		};
		ABC0F5949FD2EA3C52146685 /* Frameworks */ = {
			isa = PBXGroup;
			children = (
				C92F81556EF3892EDF0D0D7D /* libPods-ARKitInteraction.a */,
			);
			name = Frameworks;
			sourceTree = "<group>";
		};
		B30C3928214BE9A400F444B4 /* ViewController */ = {
			isa = PBXGroup;
			children = (
				B3985438214DADA4006D3CFB /* ViewController.h */,
				B3985439214DADA4006D3CFB /* ViewController.m */,
				6EC51643214D857000033705 /* MyOrderViewController.h */,
				6EC51644214D857000033705 /* MyOrderViewController.m */,
				6EC51645214D857000033705 /* SelectCompanyController.h */,
				6EC51642214D857000033705 /* SelectCompanyController.m */,
				6EC515CF214D2D3300033705 /* ConfirmOrderViewController.h */,
				6EC515D0214D2D3300033705 /* ConfirmOrderViewController.m */,
				B39853E2214D5263006D3CFB /* ViewController+ARSCNViewDelegate.h */,
				B39853E3214D5263006D3CFB /* ViewController+ARSCNViewDelegate.m */,
				B39853DF214D4A86006D3CFB /* ViewController+Actions.h */,
				B39853E0214D4A86006D3CFB /* ViewController+Actions.m */,
				B3C7E4F4214CBB0D002992D6 /* ViewController+ObjectSelection.h */,
				B3C7E4F5214CBB0D002992D6 /* ViewController+ObjectSelection.m */,
				B3BFA86B214DB01400FF33C4 /* OCViewController.h */,
				B3BFA86C214DB01400FF33C4 /* OCViewController.m */,
			);
			path = ViewController;
			sourceTree = "<group>";
		};
		B30C3929214BE9A400F444B4 /* Model */ = {
			isa = PBXGroup;
			children = (
				6EC51658214D859200033705 /* MyOrderModel.h */,
				6EC51659214D859200033705 /* MyOrderModel.m */,
				6EC515DE214D2DA900033705 /* ClassItemArrayModel.h */,
				6EC515DF214D2DA900033705 /* ClassItemArrayModel.m */,
				6EC515E1214D2DA900033705 /* ConfirmOrderModel.h */,
				6EC515E0214D2DA900033705 /* ConfirmOrderModel.m */,
				6E339EEF214D939E007EEB6E /* EnumHeader.h */,
			);
			path = Model;
			sourceTree = "<group>";
		};
		B30C392A214BE9A400F444B4 /* View */ = {
			isa = PBXGroup;
			children = (
				6EC5165F214D85BB00033705 /* TotalPriceCell.h */,
				6EC5165E214D85BB00033705 /* TotalPriceCell.m */,
				6EC5165B214D85B000033705 /* ConfirmOrderSelectCompanyCell.h */,
				6EC5165C214D85B000033705 /* ConfirmOrderSelectCompanyCell.m */,
				6EC51648214D858900033705 /* MainPage */,
				6EC515D8214D2D6D00033705 /* CanDeletePictureCell.h */,
				6EC515D4214D2D6D00033705 /* CanDeletePictureCell.m */,
				6EC515D5214D2D6D00033705 /* GoodsIntroCell.h */,
				6EC515D9214D2D6D00033705 /* GoodsIntroCell.m */,
				6EC515D3214D2D6D00033705 /* SelectPictureCell.h */,
				6EC515D6214D2D6D00033705 /* SelectPictureCell.m */,
				B30C3938214BEA8300F444B4 /* VirtualObjectARView.h */,
				B30C3939214BEA8300F444B4 /* VirtualObjectARView.m */,
				B30C393B214C040300F444B4 /* ThresholdPanGesture.h */,
				B30C393C214C040300F444B4 /* ThresholdPanGesture.m */,
				B3598CDF214C87110075A2C6 /* VirtualObjectInteraction.h */,
				B3598CE0214C87110075A2C6 /* VirtualObjectInteraction.m */,
			);
			path = View;
			sourceTree = "<group>";
		};
		B30C392B214BE9A400F444B4 /* ViewModel */ = {
			isa = PBXGroup;
			children = (
				B30C3935214BE9E500F444B4 /* MyViewModel.h */,
				B30C3936214BE9E500F444B4 /* MyViewModel.m */,
			);
			path = ViewModel;
			sourceTree = "<group>";
		};
		B39853E6214D5BCC006D3CFB /* Recovered References */ = {
			isa = PBXGroup;
			children = (
			);
			name = "Recovered References";
			sourceTree = "<group>";
		};
		B39853E7214D5CE2006D3CFB /* Tool */ = {
			isa = PBXGroup;
			children = (
				B39853E8214D5D46006D3CFB /* Theme.h */,
				B39853E9214D5D46006D3CFB /* Theme.m */,
				B39853EB214D5D46006D3CFB /* UIColor+Category.h */,
				B39853EA214D5D46006D3CFB /* UIColor+Category.m */,
			);
			path = Tool;
			sourceTree = "<group>";
		};
		B3985412214DAB01006D3CFB /* Swift */ = {
			isa = PBXGroup;
			children = (
				B3BFA86E214DC50F00FF33C4 /* Main.storyboard */,
				B3985431214DACFB006D3CFB /* Focus Square */,
				B3985418214DAB7A006D3CFB /* Additional View Controllers */,
				B3985420214DAB7B006D3CFB /* ThresholdPanGesture.swift */,
				B3985423214DAB7B006D3CFB /* Utilities */,
				B398541B214DAB7A006D3CFB /* ViewController.swift */,
				B3985416214DAB7A006D3CFB /* ViewController+Actions.swift */,
				B398541F214DAB7A006D3CFB /* ViewController+ARSCNViewDelegate.swift */,
				B3985422214DAB7B006D3CFB /* ViewController+ObjectSelection.swift */,
				B398541C214DAB7A006D3CFB /* Virtual Objects */,
				B3985421214DAB7B006D3CFB /* VirtualObjectARView.swift */,
				B3985417214DAB7A006D3CFB /* VirtualObjectInteraction.swift */,
				B3985413214DAB1A006D3CFB /* ARKitInteraction-Bridging-Header.h */,
			);
			path = Swift;
			sourceTree = "<group>";
		};
		B3985418214DAB7A006D3CFB /* Additional View Controllers */ = {
			isa = PBXGroup;
			children = (
				B3985419214DAB7A006D3CFB /* VirtualObjectSelection.swift */,
				B398541A214DAB7A006D3CFB /* StatusViewController.swift */,
			);
			path = "Additional View Controllers";
			sourceTree = "<group>";
		};
		B398541C214DAB7A006D3CFB /* Virtual Objects */ = {
			isa = PBXGroup;
			children = (
				B398541D214DAB7A006D3CFB /* VirtualObjectLoader.swift */,
				B398541E214DAB7A006D3CFB /* VirtualObject.swift */,
			);
			path = "Virtual Objects";
			sourceTree = "<group>";
		};
		B3985423214DAB7B006D3CFB /* Utilities */ = {
			isa = PBXGroup;
			children = (
				B3985424214DAB7B006D3CFB /* Utilities.swift */,
			);
			path = Utilities;
			sourceTree = "<group>";
		};
		B3985431214DACFB006D3CFB /* Focus Square */ = {
			isa = PBXGroup;
			children = (
				B3985432214DACFB006D3CFB /* FocusSquareSegment.swift */,
				B3985433214DACFB006D3CFB /* FocusSquare.swift */,
			);
			path = "Focus Square";
			sourceTree = "<group>";
		};
		B3E4C890214408ED008E87CF = {
			isa = PBXGroup;
			children = (
				B3E4C89B214408ED008E87CF /* ARKitInteraction */,
				B3E4C89A214408ED008E87CF /* Products */,
				284349973684FED205025FA6 /* Pods */,
				ABC0F5949FD2EA3C52146685 /* Frameworks */,
				B39853E6214D5BCC006D3CFB /* Recovered References */,
			);
			sourceTree = "<group>";
		};
		B3E4C89A214408ED008E87CF /* Products */ = {
			isa = PBXGroup;
			children = (
				B3E4C899214408ED008E87CF /* ARKitInteraction.app */,
			);
			name = Products;
			sourceTree = "<group>";
		};
		B3E4C89B214408ED008E87CF /* ARKitInteraction */ = {
			isa = PBXGroup;
			children = (
				B3985412214DAB01006D3CFB /* Swift */,
				B39853E7214D5CE2006D3CFB /* Tool */,
				B30C3929214BE9A400F444B4 /* Model */,
				B30C392A214BE9A400F444B4 /* View */,
				B30C3928214BE9A400F444B4 /* ViewController */,
				B30C392B214BE9A400F444B4 /* ViewModel */,
				6E748224214A049A00E66D1F /* MainVC */,
				B3E4C89C214408ED008E87CF /* AppDelegate.h */,
				B3E4C89D214408ED008E87CF /* AppDelegate.m */,
				B3F11F5B2144D4E9008CADFC /* AdditionalViewControllers */,
				B3F11F5D2144D4EA008CADFC /* FocusSquare */,
				B3F11F5A2144D4E9008CADFC /* Utilities */,
				B3F11F5C2144D4EA008CADFC /* VirtualObjects */,
				B3E4C89F214408ED008E87CF /* art.scnassets */,
				B3E4C8A7214408EE008E87CF /* Assets.xcassets */,
				B3E4C8A9214408EE008E87CF /* LaunchScreen.storyboard */,
				B3E4C8AC214408EE008E87CF /* Info.plist */,
				B3E4C8AD214408EE008E87CF /* main.m */,
			);
			path = ARKitInteraction;
			sourceTree = "<group>";
		};
		B3F11F5A2144D4E9008CADFC /* Utilities */ = {
			isa = PBXGroup;
			children = (
				B3F11F5E2144D65C008CADFC /* PositionTranslation.h */,
				B3F11F5F2144D65C008CADFC /* PositionTranslation.m */,
			);
			path = Utilities;
			sourceTree = "<group>";
		};
		B3F11F5B2144D4E9008CADFC /* AdditionalViewControllers */ = {
			isa = PBXGroup;
			children = (
				B397CEC4214CC60700C3ADD7 /* StatusViewController.h */,
				B397CEC5214CC60700C3ADD7 /* StatusViewController.m */,
				B33ABDAC214D13D500A65F04 /* VirtualObjectSelectionViewController.h */,
				B33ABDAD214D13D500A65F04 /* VirtualObjectSelectionViewController.m */,
			);
			path = AdditionalViewControllers;
			sourceTree = "<group>";
		};
		B3F11F5C2144D4EA008CADFC /* VirtualObjects */ = {
			isa = PBXGroup;
			children = (
				B3318C4E2149F90000BA9F1F /* VirtualObjectLoader.h */,
				B3318C4F2149F90000BA9F1F /* VirtualObjectLoader.m */,
				B3318C512149F96400BA9F1F /* VirtualObject.h */,
				B3318C522149F96400BA9F1F /* VirtualObject.m */,
			);
			path = VirtualObjects;
			sourceTree = "<group>";
		};
		B3F11F5D2144D4EA008CADFC /* FocusSquare */ = {
			isa = PBXGroup;
			children = (
				B3F11F612144DF03008CADFC /* FocusSquare.h */,
				B3F11F622144DF03008CADFC /* FocusSquare.m */,
				B3F11F642144FE4A008CADFC /* Segment.h */,
				B3F11F652144FE4A008CADFC /* Segment.m */,
			);
			path = FocusSquare;
			sourceTree = "<group>";
		};
/* End PBXGroup section */

/* Begin PBXNativeTarget section */
		B3E4C898214408ED008E87CF /* ARKitInteraction */ = {
			isa = PBXNativeTarget;
			buildConfigurationList = B3E4C8B1214408EE008E87CF /* Build configuration list for PBXNativeTarget "ARKitInteraction" */;
			buildPhases = (
				A0F4A5DB47E86C91E1D231BD /* [CP] Check Pods Manifest.lock */,
				B3E4C895214408ED008E87CF /* Sources */,
				B3E4C896214408ED008E87CF /* Frameworks */,
				B3E4C897214408ED008E87CF /* Resources */,
				735B2237149315980BCD0905 /* [CP] Embed Pods Frameworks */,
				AAA15C467A99443670D0DD93 /* [CP] Copy Pods Resources */,
			);
			buildRules = (
			);
			dependencies = (
			);
			name = ARKitInteraction;
			productName = ARKitInteraction;
			productReference = B3E4C899214408ED008E87CF /* ARKitInteraction.app */;
			productType = "com.apple.product-type.application";
		};
/* End PBXNativeTarget section */

/* Begin PBXProject section */
		B3E4C891214408ED008E87CF /* Project object */ = {
			isa = PBXProject;
			attributes = {
				LastUpgradeCheck = 1000;
				ORGANIZATIONNAME = "张晓珊";
				TargetAttributes = {
					B3E4C898214408ED008E87CF = {
						CreatedOnToolsVersion = 10.0;
						LastSwiftMigration = 1000;
					};
				};
			};
			buildConfigurationList = B3E4C894214408ED008E87CF /* Build configuration list for PBXProject "ARKitInteraction" */;
			compatibilityVersion = "Xcode 9.3";
			developmentRegion = en;
			hasScannedForEncodings = 0;
			knownRegions = (
				en,
				Base,
			);
			mainGroup = B3E4C890214408ED008E87CF;
			productRefGroup = B3E4C89A214408ED008E87CF /* Products */;
			projectDirPath = "";
			projectRoot = "";
			targets = (
				B3E4C898214408ED008E87CF /* ARKitInteraction */,
			);
		};
/* End PBXProject section */

/* Begin PBXResourcesBuildPhase section */
		B3E4C897214408ED008E87CF /* Resources */ = {
			isa = PBXResourcesBuildPhase;
			buildActionMask = 2147483647;
			files = (
				B3E4C8A0214408ED008E87CF /* art.scnassets in Resources */,
				B3E4C8AB214408EE008E87CF /* LaunchScreen.storyboard in Resources */,
				B3E4C8A8214408EE008E87CF /* Assets.xcassets in Resources */,
				B3BFA86F214DC50F00FF33C4 /* Main.storyboard in Resources */,
			);
			runOnlyForDeploymentPostprocessing = 0;
		};
/* End PBXResourcesBuildPhase section */

/* Begin PBXShellScriptBuildPhase section */
		735B2237149315980BCD0905 /* [CP] Embed Pods Frameworks */ = {
			isa = PBXShellScriptBuildPhase;
			buildActionMask = 2147483647;
			files = (
			);
			inputPaths = (
			);
			name = "[CP] Embed Pods Frameworks";
			outputPaths = (
			);
			runOnlyForDeploymentPostprocessing = 0;
			shellPath = /bin/sh;
			shellScript = "\"${SRCROOT}/Pods/Target Support Files/Pods-ARKitInteraction/Pods-ARKitInteraction-frameworks.sh\"\n";
			showEnvVarsInLog = 0;
		};
		A0F4A5DB47E86C91E1D231BD /* [CP] Check Pods Manifest.lock */ = {
			isa = PBXShellScriptBuildPhase;
			buildActionMask = 2147483647;
			files = (
			);
			inputPaths = (
				"${PODS_PODFILE_DIR_PATH}/Podfile.lock",
				"${PODS_ROOT}/Manifest.lock",
			);
			name = "[CP] Check Pods Manifest.lock";
			outputPaths = (
				"$(DERIVED_FILE_DIR)/Pods-ARKitInteraction-checkManifestLockResult.txt",
			);
			runOnlyForDeploymentPostprocessing = 0;
			shellPath = /bin/sh;
			shellScript = "diff \"${PODS_PODFILE_DIR_PATH}/Podfile.lock\" \"${PODS_ROOT}/Manifest.lock\" > /dev/null\nif [ $? != 0 ] ; then\n    # print error to STDERR\n    echo \"error: The sandbox is not in sync with the Podfile.lock. Run 'pod install' or update your CocoaPods installation.\" >&2\n    exit 1\nfi\n# This output is used by Xcode 'outputs' to avoid re-running this script phase.\necho \"SUCCESS\" > \"${SCRIPT_OUTPUT_FILE_0}\"\n";
			showEnvVarsInLog = 0;
		};
		AAA15C467A99443670D0DD93 /* [CP] Copy Pods Resources */ = {
			isa = PBXShellScriptBuildPhase;
			buildActionMask = 2147483647;
			files = (
			);
			inputPaths = (
			);
			name = "[CP] Copy Pods Resources";
			outputPaths = (
			);
			runOnlyForDeploymentPostprocessing = 0;
			shellPath = /bin/sh;
			shellScript = "\"${SRCROOT}/Pods/Target Support Files/Pods-ARKitInteraction/Pods-ARKitInteraction-resources.sh\"\n";
			showEnvVarsInLog = 0;
		};
/* End PBXShellScriptBuildPhase section */

/* Begin PBXSourcesBuildPhase section */
		B3E4C895214408ED008E87CF /* Sources */ = {
			isa = PBXSourcesBuildPhase;
			buildActionMask = 2147483647;
			files = (
				B398542E214DAB7B006D3CFB /* VirtualObjectARView.swift in Sources */,
				B3985429214DAB7B006D3CFB /* ViewController.swift in Sources */,
				6EC51646214D857000033705 /* SelectCompanyController.m in Sources */,
				6EC515E3214D2DA900033705 /* ConfirmOrderModel.m in Sources */,
				6EC515DB214D2D6D00033705 /* SelectPictureCell.m in Sources */,
				B398543A214DADA4006D3CFB /* ViewController.m in Sources */,
				B3BFA86D214DB01400FF33C4 /* OCViewController.m in Sources */,
				B398542B214DAB7B006D3CFB /* VirtualObject.swift in Sources */,
				B3318C532149F96400BA9F1F /* VirtualObject.m in Sources */,
				6EC515DA214D2D6D00033705 /* CanDeletePictureCell.m in Sources */,
				6EC51657214D858900033705 /* ShotedPicView.m in Sources */,
				6EC51654214D858900033705 /* ItemSelectCollectionViewCell.m in Sources */,
				B39853EC214D5D46006D3CFB /* Theme.m in Sources */,
				6EC51655214D858900033705 /* ClassTypeSelectCell.m in Sources */,
				B3985427214DAB7B006D3CFB /* VirtualObjectSelection.swift in Sources */,
				B3598CE1214C87110075A2C6 /* VirtualObjectInteraction.m in Sources */,
				B3318C532149F96400BA9F1F /* VirtualObject.m in Sources */,
				B3C7E4F6214CBB0D002992D6 /* ViewController+ObjectSelection.m in Sources */,
				B39853E1214D4A86006D3CFB /* ViewController+Actions.m in Sources */,
				6EC5165A214D859200033705 /* MyOrderModel.m in Sources */,
				6EC51660214D85BB00033705 /* TotalPriceCell.m in Sources */,
				B3318C502149F90000BA9F1F /* VirtualObjectLoader.m in Sources */,
				B3985435214DACFC006D3CFB /* FocusSquare.swift in Sources */,
				6EC515D2214D2D3300033705 /* ConfirmOrderViewController.m in Sources */,
				B3F11F602144D65C008CADFC /* PositionTranslation.m in Sources */,
				6EC515E2214D2DA900033705 /* ClassItemArrayModel.m in Sources */,
				B3F11F632144DF03008CADFC /* FocusSquare.m in Sources */,
				B398542D214DAB7B006D3CFB /* ThresholdPanGesture.swift in Sources */,
				B3985426214DAB7B006D3CFB /* VirtualObjectInteraction.swift in Sources */,
				B30C3937214BE9E500F444B4 /* MyViewModel.m in Sources */,
				B3E4C8AE214408EE008E87CF /* main.m in Sources */,
				B30C393D214C040400F444B4 /* ThresholdPanGesture.m in Sources */,
				B398542A214DAB7B006D3CFB /* VirtualObjectLoader.swift in Sources */,
				B398542F214DAB7B006D3CFB /* ViewController+ObjectSelection.swift in Sources */,
				B3985428214DAB7B006D3CFB /* StatusViewController.swift in Sources */,
				6EC51653214D858900033705 /* ChoseItemView.m in Sources */,
				6EC515DD214D2D6D00033705 /* GoodsIntroCell.m in Sources */,
				B3985425214DAB7B006D3CFB /* ViewController+Actions.swift in Sources */,
				6EC51647214D857000033705 /* MyOrderViewController.m in Sources */,
				6EC51656214D858900033705 /* MainFunctionView.m in Sources */,
				B30C393A214BEA8300F444B4 /* VirtualObjectARView.m in Sources */,
				B39853ED214D5D46006D3CFB /* UIColor+Category.m in Sources */,
				B33ABDAE214D13D500A65F04 /* VirtualObjectSelectionViewController.m in Sources */,
				B398542C214DAB7B006D3CFB /* ViewController+ARSCNViewDelegate.swift in Sources */,
				B39853E4214D5263006D3CFB /* ViewController+ARSCNViewDelegate.m in Sources */,
				B397CEC6214CC60700C3ADD7 /* StatusViewController.m in Sources */,
				B3985434214DACFC006D3CFB /* FocusSquareSegment.swift in Sources */,
				B3E4C89E214408ED008E87CF /* AppDelegate.m in Sources */,
				B3F11F662144FE4A008CADFC /* Segment.m in Sources */,
				B3985430214DAB7B006D3CFB /* Utilities.swift in Sources */,
				6EC5165D214D85B000033705 /* ConfirmOrderSelectCompanyCell.m in Sources */,
			);
			runOnlyForDeploymentPostprocessing = 0;
		};
/* End PBXSourcesBuildPhase section */

/* Begin PBXVariantGroup section */
		B3E4C8A9214408EE008E87CF /* LaunchScreen.storyboard */ = {
			isa = PBXVariantGroup;
			children = (
				B3E4C8AA214408EE008E87CF /* Base */,
			);
			name = LaunchScreen.storyboard;
			sourceTree = "<group>";
		};
/* End PBXVariantGroup section */

/* Begin XCBuildConfiguration section */
		B3E4C8AF214408EE008E87CF /* Debug */ = {
			isa = XCBuildConfiguration;
			buildSettings = {
				ALWAYS_SEARCH_USER_PATHS = NO;
				CLANG_ANALYZER_NONNULL = YES;
				CLANG_ANALYZER_NUMBER_OBJECT_CONVERSION = YES_AGGRESSIVE;
				CLANG_CXX_LANGUAGE_STANDARD = "gnu++14";
				CLANG_CXX_LIBRARY = "libc++";
				CLANG_ENABLE_MODULES = YES;
				CLANG_ENABLE_OBJC_ARC = YES;
				CLANG_ENABLE_OBJC_WEAK = YES;
				CLANG_WARN_BLOCK_CAPTURE_AUTORELEASING = YES;
				CLANG_WARN_BOOL_CONVERSION = YES;
				CLANG_WARN_COMMA = YES;
				CLANG_WARN_CONSTANT_CONVERSION = YES;
				CLANG_WARN_DEPRECATED_OBJC_IMPLEMENTATIONS = YES;
				CLANG_WARN_DIRECT_OBJC_ISA_USAGE = YES_ERROR;
				CLANG_WARN_DOCUMENTATION_COMMENTS = YES;
				CLANG_WARN_EMPTY_BODY = YES;
				CLANG_WARN_ENUM_CONVERSION = YES;
				CLANG_WARN_INFINITE_RECURSION = YES;
				CLANG_WARN_INT_CONVERSION = YES;
				CLANG_WARN_NON_LITERAL_NULL_CONVERSION = YES;
				CLANG_WARN_OBJC_IMPLICIT_RETAIN_SELF = YES;
				CLANG_WARN_OBJC_LITERAL_CONVERSION = YES;
				CLANG_WARN_OBJC_ROOT_CLASS = YES_ERROR;
				CLANG_WARN_RANGE_LOOP_ANALYSIS = YES;
				CLANG_WARN_STRICT_PROTOTYPES = YES;
				CLANG_WARN_SUSPICIOUS_MOVE = YES;
				CLANG_WARN_UNGUARDED_AVAILABILITY = YES_AGGRESSIVE;
				CLANG_WARN_UNREACHABLE_CODE = YES;
				CLANG_WARN__DUPLICATE_METHOD_MATCH = YES;
				CODE_SIGN_IDENTITY = "iPhone Developer";
				COPY_PHASE_STRIP = NO;
				DEBUG_INFORMATION_FORMAT = dwarf;
				ENABLE_STRICT_OBJC_MSGSEND = YES;
				ENABLE_TESTABILITY = YES;
				GCC_C_LANGUAGE_STANDARD = gnu11;
				GCC_DYNAMIC_NO_PIC = NO;
				GCC_NO_COMMON_BLOCKS = YES;
				GCC_OPTIMIZATION_LEVEL = 0;
				GCC_PREPROCESSOR_DEFINITIONS = (
					"DEBUG=1",
					"$(inherited)",
				);
				GCC_WARN_64_TO_32_BIT_CONVERSION = YES;
				GCC_WARN_ABOUT_RETURN_TYPE = YES_ERROR;
				GCC_WARN_UNDECLARED_SELECTOR = YES;
				GCC_WARN_UNINITIALIZED_AUTOS = YES_AGGRESSIVE;
				GCC_WARN_UNUSED_FUNCTION = YES;
				GCC_WARN_UNUSED_VARIABLE = YES;
				IPHONEOS_DEPLOYMENT_TARGET = 11.3;
				MTL_ENABLE_DEBUG_INFO = INCLUDE_SOURCE;
				MTL_FAST_MATH = YES;
				ONLY_ACTIVE_ARCH = YES;
				SDKROOT = iphoneos;
				USER_HEADER_SEARCH_PATHS = "$(PODS_ROOT)/**";
			};
			name = Debug;
		};
		B3E4C8B0214408EE008E87CF /* Release */ = {
			isa = XCBuildConfiguration;
			buildSettings = {
				ALWAYS_SEARCH_USER_PATHS = NO;
				CLANG_ANALYZER_NONNULL = YES;
				CLANG_ANALYZER_NUMBER_OBJECT_CONVERSION = YES_AGGRESSIVE;
				CLANG_CXX_LANGUAGE_STANDARD = "gnu++14";
				CLANG_CXX_LIBRARY = "libc++";
				CLANG_ENABLE_MODULES = YES;
				CLANG_ENABLE_OBJC_ARC = YES;
				CLANG_ENABLE_OBJC_WEAK = YES;
				CLANG_WARN_BLOCK_CAPTURE_AUTORELEASING = YES;
				CLANG_WARN_BOOL_CONVERSION = YES;
				CLANG_WARN_COMMA = YES;
				CLANG_WARN_CONSTANT_CONVERSION = YES;
				CLANG_WARN_DEPRECATED_OBJC_IMPLEMENTATIONS = YES;
				CLANG_WARN_DIRECT_OBJC_ISA_USAGE = YES_ERROR;
				CLANG_WARN_DOCUMENTATION_COMMENTS = YES;
				CLANG_WARN_EMPTY_BODY = YES;
				CLANG_WARN_ENUM_CONVERSION = YES;
				CLANG_WARN_INFINITE_RECURSION = YES;
				CLANG_WARN_INT_CONVERSION = YES;
				CLANG_WARN_NON_LITERAL_NULL_CONVERSION = YES;
				CLANG_WARN_OBJC_IMPLICIT_RETAIN_SELF = YES;
				CLANG_WARN_OBJC_LITERAL_CONVERSION = YES;
				CLANG_WARN_OBJC_ROOT_CLASS = YES_ERROR;
				CLANG_WARN_RANGE_LOOP_ANALYSIS = YES;
				CLANG_WARN_STRICT_PROTOTYPES = YES;
				CLANG_WARN_SUSPICIOUS_MOVE = YES;
				CLANG_WARN_UNGUARDED_AVAILABILITY = YES_AGGRESSIVE;
				CLANG_WARN_UNREACHABLE_CODE = YES;
				CLANG_WARN__DUPLICATE_METHOD_MATCH = YES;
				CODE_SIGN_IDENTITY = "iPhone Developer";
				COPY_PHASE_STRIP = NO;
				DEBUG_INFORMATION_FORMAT = "dwarf-with-dsym";
				ENABLE_NS_ASSERTIONS = NO;
				ENABLE_STRICT_OBJC_MSGSEND = YES;
				GCC_C_LANGUAGE_STANDARD = gnu11;
				GCC_NO_COMMON_BLOCKS = YES;
				GCC_WARN_64_TO_32_BIT_CONVERSION = YES;
				GCC_WARN_ABOUT_RETURN_TYPE = YES_ERROR;
				GCC_WARN_UNDECLARED_SELECTOR = YES;
				GCC_WARN_UNINITIALIZED_AUTOS = YES_AGGRESSIVE;
				GCC_WARN_UNUSED_FUNCTION = YES;
				GCC_WARN_UNUSED_VARIABLE = YES;
				IPHONEOS_DEPLOYMENT_TARGET = 11.3;
				MTL_ENABLE_DEBUG_INFO = NO;
				MTL_FAST_MATH = YES;
				SDKROOT = iphoneos;
				USER_HEADER_SEARCH_PATHS = "$(PODS_ROOT)/**";
				VALIDATE_PRODUCT = YES;
			};
			name = Release;
		};
		B3E4C8B2214408EE008E87CF /* Debug */ = {
			isa = XCBuildConfiguration;
			baseConfigurationReference = B3158C12F4F03CCED00FD32A /* Pods-ARKitInteraction.debug.xcconfig */;
			buildSettings = {
				ASSETCATALOG_COMPILER_APPICON_NAME = "AppIcon-1";
				CLANG_ENABLE_MODULES = YES;
				CODE_SIGN_IDENTITY = "iPhone Developer";
				CODE_SIGN_STYLE = Automatic;
				DEVELOPMENT_TEAM = AHJHGYFA8S;
				INFOPLIST_FILE = ARKitInteraction/Info.plist;
				IPHONEOS_DEPLOYMENT_TARGET = 11.3;
				LD_RUNPATH_SEARCH_PATHS = (
					"$(inherited)",
					"@executable_path/Frameworks",
				);
				PRODUCT_BUNDLE_IDENTIFIER = com.lianjia.ARKitInteraction;
				PRODUCT_NAME = "$(TARGET_NAME)";
				PROVISIONING_PROFILE_SPECIFIER = "";
				SWIFT_OBJC_BRIDGING_HEADER = "ARKitInteraction/Swift/ARKitInteraction-Bridging-Header.h";
				SWIFT_OPTIMIZATION_LEVEL = "-Onone";
				SWIFT_VERSION = 4.2;
				TARGETED_DEVICE_FAMILY = "1,2";
			};
			name = Debug;
		};
		B3E4C8B3214408EE008E87CF /* Release */ = {
			isa = XCBuildConfiguration;
			baseConfigurationReference = 1B4158F8CF176958642A6AD7 /* Pods-ARKitInteraction.release.xcconfig */;
			buildSettings = {
				ASSETCATALOG_COMPILER_APPICON_NAME = "AppIcon-1";
				CLANG_ENABLE_MODULES = YES;
				CODE_SIGN_IDENTITY = "iPhone Developer";
				CODE_SIGN_STYLE = Automatic;
				DEVELOPMENT_TEAM = AHJHGYFA8S;
				INFOPLIST_FILE = ARKitInteraction/Info.plist;
				IPHONEOS_DEPLOYMENT_TARGET = 11.3;
				LD_RUNPATH_SEARCH_PATHS = (
					"$(inherited)",
					"@executable_path/Frameworks",
				);
				PRODUCT_BUNDLE_IDENTIFIER = com.lianjia.ARKitInteraction;
				PRODUCT_NAME = "$(TARGET_NAME)";
				PROVISIONING_PROFILE_SPECIFIER = "";
				SWIFT_OBJC_BRIDGING_HEADER = "ARKitInteraction/Swift/ARKitInteraction-Bridging-Header.h";
				SWIFT_VERSION = 4.2;
				TARGETED_DEVICE_FAMILY = "1,2";
			};
			name = Release;
		};
/* End XCBuildConfiguration section */

/* Begin XCConfigurationList section */
		B3E4C894214408ED008E87CF /* Build configuration list for PBXProject "ARKitInteraction" */ = {
			isa = XCConfigurationList;
			buildConfigurations = (
				B3E4C8AF214408EE008E87CF /* Debug */,
				B3E4C8B0214408EE008E87CF /* Release */,
			);
			defaultConfigurationIsVisible = 0;
			defaultConfigurationName = Release;
		};
		B3E4C8B1214408EE008E87CF /* Build configuration list for PBXNativeTarget "ARKitInteraction" */ = {
			isa = XCConfigurationList;
			buildConfigurations = (
				B3E4C8B2214408EE008E87CF /* Debug */,
				B3E4C8B3214408EE008E87CF /* Release */,
			);
			defaultConfigurationIsVisible = 0;
			defaultConfigurationName = Release;
		};
/* End XCConfigurationList section */
	};
	rootObject = B3E4C891214408ED008E87CF /* Project object */;
}
